// !$*UTF8*$!
{
	archiveVersion = 1;
	classes = {
	};
	objectVersion = 46;
	objects = {

/* Begin PBXBuildFile section */
		7600C6AD74D4C6650B5D0C22 /* libPods-ZYDoubs.a in Frameworks */ = {isa = PBXBuildFile; fileRef = A6FC9CDD0DA69A2E9FF96CE2 /* libPods-ZYDoubs.a */; };
		FA0EDF0B1E2B269900F9498D /* CNUIHelper.m in Sources */ = {isa = PBXBuildFile; fileRef = FA0EDF081E2B269900F9498D /* CNUIHelper.m */; };
		FA0EDF0C1E2B269900F9498D /* Toast+UIView.m in Sources */ = {isa = PBXBuildFile; fileRef = FA0EDF0A1E2B269900F9498D /* Toast+UIView.m */; };
		FA0EDF2F1E2B675700F9498D /* Reachability.m in Sources */ = {isa = PBXBuildFile; fileRef = FA0EDF2E1E2B675700F9498D /* Reachability.m */; };
		FA134C371E2DBA37000320D2 /* PSTAlertController.m in Sources */ = {isa = PBXBuildFile; fileRef = FA134C361E2DBA37000320D2 /* PSTAlertController.m */; };
		FA134C4B1E2DBC0C000320D2 /* ZYLabel.m in Sources */ = {isa = PBXBuildFile; fileRef = FA134C4A1E2DBC0C000320D2 /* ZYLabel.m */; };
		FA134C521E2DF462000320D2 /* SystemAudio.m in Sources */ = {isa = PBXBuildFile; fileRef = FA134C511E2DF462000320D2 /* SystemAudio.m */; };
		FA2C16891E308F4400B15339 /* DontDisturbManager.m in Sources */ = {isa = PBXBuildFile; fileRef = FA2C16881E308F4400B15339 /* DontDisturbManager.m */; };
		FA2C169E1E308FDC00B15339 /* MyFMDataBase.m in Sources */ = {isa = PBXBuildFile; fileRef = FA2C169D1E308FDC00B15339 /* MyFMDataBase.m */; };
		FA77185B1E24770A00AD8F5F /* main.m in Sources */ = {isa = PBXBuildFile; fileRef = FA7718421E24770A00AD8F5F /* main.m */; };
		FA77185C1E24770A00AD8F5F /* Info.plist in Resources */ = {isa = PBXBuildFile; fileRef = FA77184D1E24770A00AD8F5F /* Info.plist */; };
		FA77185E1E24770A00AD8F5F /* LaunchScreen.storyboard in Resources */ = {isa = PBXBuildFile; fileRef = FA7718511E24770A00AD8F5F /* LaunchScreen.storyboard */; };
		FA7718631E247B0D00AD8F5F /* Images.xcassets in Resources */ = {isa = PBXBuildFile; fileRef = FA7718621E247B0D00AD8F5F /* Images.xcassets */; };
		FA7718761E247D1D00AD8F5F /* libios_ngn_stack.a in Frameworks */ = {isa = PBXBuildFile; fileRef = FA7718201E246EEE00AD8F5F /* libios_ngn_stack.a */; };
		FA7718771E247D1D00AD8F5F /* libtinyBFCP.a in Frameworks */ = {isa = PBXBuildFile; fileRef = FA7718221E246EEE00AD8F5F /* libtinyBFCP.a */; };
		FA7718781E247D1D00AD8F5F /* libtinyDAV.a in Frameworks */ = {isa = PBXBuildFile; fileRef = FA77183C1E246EEE00AD8F5F /* libtinyDAV.a */; };
		FA7718791E247D1D00AD8F5F /* libtinyHTTP.a in Frameworks */ = {isa = PBXBuildFile; fileRef = FA7718301E246EEE00AD8F5F /* libtinyHTTP.a */; };
		FA77187A1E247D1D00AD8F5F /* libtinyIPSec.a in Frameworks */ = {isa = PBXBuildFile; fileRef = FA77182C1E246EEE00AD8F5F /* libtinyIPSec.a */; };
		FA77187B1E247D1D00AD8F5F /* libtinyMEDIA.a in Frameworks */ = {isa = PBXBuildFile; fileRef = FA7718321E246EEE00AD8F5F /* libtinyMEDIA.a */; };
		FA77187C1E247D1D00AD8F5F /* libtinyMSRP.a in Frameworks */ = {isa = PBXBuildFile; fileRef = FA77182E1E246EEE00AD8F5F /* libtinyMSRP.a */; };
		FA77187D1E247D1D00AD8F5F /* libtinyNET.a in Frameworks */ = {isa = PBXBuildFile; fileRef = FA7718261E246EEE00AD8F5F /* libtinyNET.a */; };
		FA77187E1E247D1D00AD8F5F /* libtinyRTP.a in Frameworks */ = {isa = PBXBuildFile; fileRef = FA77182A1E246EEE00AD8F5F /* libtinyRTP.a */; };
		FA77187F1E247D1D00AD8F5F /* libtinySAK.a in Frameworks */ = {isa = PBXBuildFile; fileRef = FA7718241E246EEE00AD8F5F /* libtinySAK.a */; };
		FA7718801E247D1D00AD8F5F /* libtinySDP.a in Frameworks */ = {isa = PBXBuildFile; fileRef = FA7718281E246EEE00AD8F5F /* libtinySDP.a */; };
		FA7718811E247D1D00AD8F5F /* libtinySIGCOMP.a in Frameworks */ = {isa = PBXBuildFile; fileRef = FA7718341E246EEE00AD8F5F /* libtinySIGCOMP.a */; };
		FA7718821E247D1D00AD8F5F /* libtinySIP.a in Frameworks */ = {isa = PBXBuildFile; fileRef = FA77183A1E246EEE00AD8F5F /* libtinySIP.a */; };
		FA7718831E247D1D00AD8F5F /* libtinySMS.a in Frameworks */ = {isa = PBXBuildFile; fileRef = FA7718361E246EEE00AD8F5F /* libtinySMS.a */; };
		FA7718841E247D1D00AD8F5F /* libtinyWRAP.a in Frameworks */ = {isa = PBXBuildFile; fileRef = FA77183E1E246EEE00AD8F5F /* libtinyWRAP.a */; };
		FA7718851E247D1D00AD8F5F /* libtinyXCAP.a in Frameworks */ = {isa = PBXBuildFile; fileRef = FA7718381E246EEE00AD8F5F /* libtinyXCAP.a */; };
		FA77188C1E247D1D00AD8F5F /* libFMDB.a in Frameworks */ = {isa = PBXBuildFile; fileRef = FA7718861E247D1D00AD8F5F /* libFMDB.a */; };
		FA77188D1E247D1D00AD8F5F /* libIQKeyboardManager.a in Frameworks */ = {isa = PBXBuildFile; fileRef = FA7718871E247D1D00AD8F5F /* libIQKeyboardManager.a */; };
		FA77188E1E247D1D00AD8F5F /* libMasonry.a in Frameworks */ = {isa = PBXBuildFile; fileRef = FA7718881E247D1D00AD8F5F /* libMasonry.a */; };
		FA77188F1E247D1D00AD8F5F /* libMJRefresh.a in Frameworks */ = {isa = PBXBuildFile; fileRef = FA7718891E247D1D00AD8F5F /* libMJRefresh.a */; };
		FA7718901E247D1D00AD8F5F /* libSDAutoLayout.a in Frameworks */ = {isa = PBXBuildFile; fileRef = FA77188A1E247D1D00AD8F5F /* libSDAutoLayout.a */; };
		FA7718911E247D1D00AD8F5F /* libSVProgressHUD.a in Frameworks */ = {isa = PBXBuildFile; fileRef = FA77188B1E247D1D00AD8F5F /* libSVProgressHUD.a */; };
		FA7718931E247D3100AD8F5F /* QuartzCore.framework in Frameworks */ = {isa = PBXBuildFile; fileRef = FA7718921E247D3100AD8F5F /* QuartzCore.framework */; };
		FA7718951E247D3900AD8F5F /* OpenGLES.framework in Frameworks */ = {isa = PBXBuildFile; fileRef = FA7718941E247D3900AD8F5F /* OpenGLES.framework */; };
		FA7718971E247D4000AD8F5F /* Security.framework in Frameworks */ = {isa = PBXBuildFile; fileRef = FA7718961E247D4000AD8F5F /* Security.framework */; };
		FA7718991E247D4600AD8F5F /* CFNetwork.framework in Frameworks */ = {isa = PBXBuildFile; fileRef = FA7718981E247D4600AD8F5F /* CFNetwork.framework */; };
		FA77189B1E247D4D00AD8F5F /* AudioToolbox.framework in Frameworks */ = {isa = PBXBuildFile; fileRef = FA77189A1E247D4D00AD8F5F /* AudioToolbox.framework */; };
		FA77189D1E247D5300AD8F5F /* AddressBook.framework in Frameworks */ = {isa = PBXBuildFile; fileRef = FA77189C1E247D5300AD8F5F /* AddressBook.framework */; };
		FA77189F1E247D5B00AD8F5F /* CoreGraphics.framework in Frameworks */ = {isa = PBXBuildFile; fileRef = FA77189E1E247D5B00AD8F5F /* CoreGraphics.framework */; };
		FA7718A11E247D6200AD8F5F /* AVFoundation.framework in Frameworks */ = {isa = PBXBuildFile; fileRef = FA7718A01E247D6200AD8F5F /* AVFoundation.framework */; };
		FA7718A31E247D6900AD8F5F /* CoreMedia.framework in Frameworks */ = {isa = PBXBuildFile; fileRef = FA7718A21E247D6900AD8F5F /* CoreMedia.framework */; };
		FA7718A51E247D7100AD8F5F /* CoreVideo.framework in Frameworks */ = {isa = PBXBuildFile; fileRef = FA7718A41E247D7100AD8F5F /* CoreVideo.framework */; };
		FA7718A71E247D7800AD8F5F /* SystemConfiguration.framework in Frameworks */ = {isa = PBXBuildFile; fileRef = FA7718A61E247D7800AD8F5F /* SystemConfiguration.framework */; };
		FA7718A91E247D8C00AD8F5F /* libsqlite3.tbd in Frameworks */ = {isa = PBXBuildFile; fileRef = FA7718A81E247D8C00AD8F5F /* libsqlite3.tbd */; };
		FA7718AB1E247D9300AD8F5F /* libresolv.tbd in Frameworks */ = {isa = PBXBuildFile; fileRef = FA7718AA1E247D9300AD8F5F /* libresolv.tbd */; };
		FA7718AD1E247F9500AD8F5F /* Foundation.framework in Frameworks */ = {isa = PBXBuildFile; fileRef = FA7718AC1E247F9500AD8F5F /* Foundation.framework */; };
		FA7718B61E24823D00AD8F5F /* ZYMessageViewController.m in Sources */ = {isa = PBXBuildFile; fileRef = FA7718B51E24823D00AD8F5F /* ZYMessageViewController.m */; };
		FA7718B91E24825700AD8F5F /* ZYMineViewController.m in Sources */ = {isa = PBXBuildFile; fileRef = FA7718B81E24825700AD8F5F /* ZYMineViewController.m */; };
		FA7718D31E2487B300AD8F5F /* ZYBaseTableViewController.m in Sources */ = {isa = PBXBuildFile; fileRef = FA7718CB1E2487B300AD8F5F /* ZYBaseTableViewController.m */; };
		FA7718D41E2487B300AD8F5F /* ZYBaseViewController.m in Sources */ = {isa = PBXBuildFile; fileRef = FA7718CD1E2487B300AD8F5F /* ZYBaseViewController.m */; };
		FA7718D51E2487B300AD8F5F /* ZYMainNavViewController.m in Sources */ = {isa = PBXBuildFile; fileRef = FA7718CF1E2487B300AD8F5F /* ZYMainNavViewController.m */; };
		FA7718D61E2487B300AD8F5F /* ZYMainTabBarViewController.m in Sources */ = {isa = PBXBuildFile; fileRef = FA7718D11E2487B300AD8F5F /* ZYMainTabBarViewController.m */; };
		FA7718D91E2487CE00AD8F5F /* ZYBarButton.m in Sources */ = {isa = PBXBuildFile; fileRef = FA7718D81E2487CE00AD8F5F /* ZYBarButton.m */; };
		FA7718DC1E2488BE00AD8F5F /* ZYTools.m in Sources */ = {isa = PBXBuildFile; fileRef = FA7718DB1E2488BE00AD8F5F /* ZYTools.m */; };
		FA7718DF1E24936E00AD8F5F /* ZYAppDelegate.mm in Sources */ = {isa = PBXBuildFile; fileRef = FA7718DE1E24936E00AD8F5F /* ZYAppDelegate.mm */; };
		FA7718E21E24941700AD8F5F /* ZYAppDelegate+Private.m in Sources */ = {isa = PBXBuildFile; fileRef = FA7718E11E24941700AD8F5F /* ZYAppDelegate+Private.m */; };
		FA7718E61E24A99400AD8F5F /* ZYAppDelegate+SipCallback.mm in Sources */ = {isa = PBXBuildFile; fileRef = FA7718E51E24A99400AD8F5F /* ZYAppDelegate+SipCallback.mm */; };
		FA7718FA1E24A9BF00AD8F5F /* ZYAppDelegate+EnterBackground.mm in Sources */ = {isa = PBXBuildFile; fileRef = FA7718F91E24A9BF00AD8F5F /* ZYAppDelegate+EnterBackground.mm */; };
		FA7718FD1E24A9D600AD8F5F /* ZYAppDelegate+Notification.m in Sources */ = {isa = PBXBuildFile; fileRef = FA7718FC1E24A9D600AD8F5F /* ZYAppDelegate+Notification.m */; };
		FA7719021E24B12900AD8F5F /* Routable.m in Sources */ = {isa = PBXBuildFile; fileRef = FA7719011E24B12900AD8F5F /* Routable.m */; };
		FA7719061E24B27900AD8F5F /* ZYNewFeatureViewController.m in Sources */ = {isa = PBXBuildFile; fileRef = FA7719051E24B27900AD8F5F /* ZYNewFeatureViewController.m */; };
		FA77190A1E24B6AC00AD8F5F /* ZYLog.m in Sources */ = {isa = PBXBuildFile; fileRef = FA7719091E24B6AC00AD8F5F /* ZYLog.m */; };
		FA77191F1E24B95900AD8F5F /* ZYConst.m in Sources */ = {isa = PBXBuildFile; fileRef = FA77191E1E24B95900AD8F5F /* ZYConst.m */; };
		FAD70C701E4718FD00345D4B /* ContactViewCell.mm in Sources */ = {isa = PBXBuildFile; fileRef = FAD70C6E1E4718FD00345D4B /* ContactViewCell.mm */; settings = {COMPILER_FLAGS = "-fno-objc-arc"; }; };
		FAD70C711E4718FD00345D4B /* ContactViewCell.xib in Resources */ = {isa = PBXBuildFile; fileRef = FAD70C6F1E4718FD00345D4B /* ContactViewCell.xib */; };
		FADDD8C71E27770400F0A226 /* ZYSipSettingViewController.m in Sources */ = {isa = PBXBuildFile; fileRef = FADDD8C61E27770400F0A226 /* ZYSipSettingViewController.m */; };
		FADDD8DE1E27781700F0A226 /* ZYTextField.m in Sources */ = {isa = PBXBuildFile; fileRef = FADDD8DD1E27781700F0A226 /* ZYTextField.m */; };
		FAEDBB931E2CBCC8003EEF8D /* ZYAudioViewController.m in Sources */ = {isa = PBXBuildFile; fileRef = FAEDBB8B1E2CBCC8003EEF8D /* ZYAudioViewController.m */; settings = {COMPILER_FLAGS = "-fno-objc-arc"; }; };
		FAEDBB941E2CBCC8003EEF8D /* ZYVideoViewController.m in Sources */ = {isa = PBXBuildFile; fileRef = FAEDBB8E1E2CBCC8003EEF8D /* ZYVideoViewController.m */; settings = {COMPILER_FLAGS = "-fno-objc-arc"; }; };
		FAEDBB951E2CBCC8003EEF8D /* ZYCallViewController.mm in Sources */ = {isa = PBXBuildFile; fileRef = FAEDBB901E2CBCC8003EEF8D /* ZYCallViewController.mm */; settings = {COMPILER_FLAGS = "-fno-objc-arc"; }; };
		FAEDBB961E2CBCC8003EEF8D /* ZYDailNumViewController.m in Sources */ = {isa = PBXBuildFile; fileRef = FAEDBB921E2CBCC8003EEF8D /* ZYDailNumViewController.m */; };
		FAEDBB991E2CC342003EEF8D /* UIViewController+ZYUtils.m in Sources */ = {isa = PBXBuildFile; fileRef = FAEDBB981E2CC342003EEF8D /* UIViewController+ZYUtils.m */; };
		FAF3AA6E1E343F9D00C01FEB /* tab_call@2x.png in Resources */ = {isa = PBXBuildFile; fileRef = FAF3AA5E1E343F9D00C01FEB /* tab_call@2x.png */; };
		FAF3AA6F1E343F9D00C01FEB /* tab_call@3x.png in Resources */ = {isa = PBXBuildFile; fileRef = FAF3AA5F1E343F9D00C01FEB /* tab_call@3x.png */; };
		FAF3AA701E343F9E00C01FEB /* tab_call_s@2x.png in Resources */ = {isa = PBXBuildFile; fileRef = FAF3AA601E343F9D00C01FEB /* tab_call_s@2x.png */; };
		FAF3AA711E343F9E00C01FEB /* tab_call_s@3x.png in Resources */ = {isa = PBXBuildFile; fileRef = FAF3AA611E343F9D00C01FEB /* tab_call_s@3x.png */; };
		FAF3AA721E343F9E00C01FEB /* tab_contact@2x.png in Resources */ = {isa = PBXBuildFile; fileRef = FAF3AA621E343F9D00C01FEB /* tab_contact@2x.png */; };
		FAF3AA731E343F9E00C01FEB /* tab_contact@3x.png in Resources */ = {isa = PBXBuildFile; fileRef = FAF3AA631E343F9D00C01FEB /* tab_contact@3x.png */; };
		FAF3AA741E343F9E00C01FEB /* tab_contact_s@2x.png in Resources */ = {isa = PBXBuildFile; fileRef = FAF3AA641E343F9D00C01FEB /* tab_contact_s@2x.png */; };
		FAF3AA751E343F9E00C01FEB /* tab_contact_s@3x.png in Resources */ = {isa = PBXBuildFile; fileRef = FAF3AA651E343F9D00C01FEB /* tab_contact_s@3x.png */; };
		FAF3AA761E343F9E00C01FEB /* tab_message@2x.png in Resources */ = {isa = PBXBuildFile; fileRef = FAF3AA661E343F9D00C01FEB /* tab_message@2x.png */; };
		FAF3AA771E343F9E00C01FEB /* tab_message@3x.png in Resources */ = {isa = PBXBuildFile; fileRef = FAF3AA671E343F9D00C01FEB /* tab_message@3x.png */; };
		FAF3AA781E343F9E00C01FEB /* tab_message_s@2x.png in Resources */ = {isa = PBXBuildFile; fileRef = FAF3AA681E343F9D00C01FEB /* tab_message_s@2x.png */; };
		FAF3AA791E343F9E00C01FEB /* tab_message_s@3x.png in Resources */ = {isa = PBXBuildFile; fileRef = FAF3AA691E343F9D00C01FEB /* tab_message_s@3x.png */; };
		FAF3AA7A1E343F9E00C01FEB /* tab_Settings@2x.png in Resources */ = {isa = PBXBuildFile; fileRef = FAF3AA6A1E343F9D00C01FEB /* tab_Settings@2x.png */; };
		FAF3AA7B1E343F9E00C01FEB /* tab_Settings@3x.png in Resources */ = {isa = PBXBuildFile; fileRef = FAF3AA6B1E343F9D00C01FEB /* tab_Settings@3x.png */; };
		FAF3AA7C1E343F9E00C01FEB /* tab_Settings_s@2x.png in Resources */ = {isa = PBXBuildFile; fileRef = FAF3AA6C1E343F9D00C01FEB /* tab_Settings_s@2x.png */; };
		FAF3AA7D1E343F9E00C01FEB /* tab_Settings_s@3x.png in Resources */ = {isa = PBXBuildFile; fileRef = FAF3AA6D1E343F9D00C01FEB /* tab_Settings_s@3x.png */; };
		FAF3AA911E343FD000C01FEB /* Tab-bj@2x.png in Resources */ = {isa = PBXBuildFile; fileRef = FAF3AA8F1E343FD000C01FEB /* Tab-bj@2x.png */; };
		FAF3AA921E343FD000C01FEB /* Tab-bj@3x.png in Resources */ = {isa = PBXBuildFile; fileRef = FAF3AA901E343FD000C01FEB /* Tab-bj@3x.png */; };
		FAF3AA9A1E34439100C01FEB /* btn_num@2x.png in Resources */ = {isa = PBXBuildFile; fileRef = FAF3AA941E34439100C01FEB /* btn_num@2x.png */; };
		FAF3AA9B1E34439100C01FEB /* btn_num@3x.png in Resources */ = {isa = PBXBuildFile; fileRef = FAF3AA951E34439100C01FEB /* btn_num@3x.png */; };
		FAF3AA9C1E34439100C01FEB /* phonecall@2x.png in Resources */ = {isa = PBXBuildFile; fileRef = FAF3AA961E34439100C01FEB /* phonecall@2x.png */; };
		FAF3AA9D1E34439100C01FEB /* phonecall@3x.png in Resources */ = {isa = PBXBuildFile; fileRef = FAF3AA971E34439100C01FEB /* phonecall@3x.png */; };
		FAF3AA9E1E34439100C01FEB /* vedio@2x.png in Resources */ = {isa = PBXBuildFile; fileRef = FAF3AA981E34439100C01FEB /* vedio@2x.png */; };
		FAF3AA9F1E34439100C01FEB /* vedio@3x.png in Resources */ = {isa = PBXBuildFile; fileRef = FAF3AA991E34439100C01FEB /* vedio@3x.png */; };
		FAF3AAA61E3443C500C01FEB /* Plus2@2x.png in Resources */ = {isa = PBXBuildFile; fileRef = FAF3AAA21E3443C500C01FEB /* Plus2@2x.png */; };
		FAF3AAA71E3443C500C01FEB /* Plus2@3x.png in Resources */ = {isa = PBXBuildFile; fileRef = FAF3AAA31E3443C500C01FEB /* Plus2@3x.png */; };
		FAF3AAAA1E3443D800C01FEB /* Delete@2x.png in Resources */ = {isa = PBXBuildFile; fileRef = FAF3AAA81E3443D800C01FEB /* Delete@2x.png */; };
		FAF3AAAB1E3443D800C01FEB /* Delete@3x.png in Resources */ = {isa = PBXBuildFile; fileRef = FAF3AAA91E3443D800C01FEB /* Delete@3x.png */; };
		FAF3AAAE1E345C6000C01FEB /* Menu@2x.png in Resources */ = {isa = PBXBuildFile; fileRef = FAF3AAAC1E345C6000C01FEB /* Menu@2x.png */; };
		FAF3AAAF1E345C6000C01FEB /* Menu@3x.png in Resources */ = {isa = PBXBuildFile; fileRef = FAF3AAAD1E345C6000C01FEB /* Menu@3x.png */; };
		FAF3AAB31E345D0B00C01FEB /* Plus@2x.png in Resources */ = {isa = PBXBuildFile; fileRef = FAF3AAB11E345D0B00C01FEB /* Plus@2x.png */; };
		FAF3AAB41E345D0B00C01FEB /* Plus@3x.png in Resources */ = {isa = PBXBuildFile; fileRef = FAF3AAB21E345D0B00C01FEB /* Plus@3x.png */; };
		FAF3AAB91E34618700C01FEB /* setting-bj@2x.png in Resources */ = {isa = PBXBuildFile; fileRef = FAF3AAB71E34618700C01FEB /* setting-bj@2x.png */; };
		FAF3AABA1E34618700C01FEB /* setting-bj@3x.png in Resources */ = {isa = PBXBuildFile; fileRef = FAF3AAB81E34618700C01FEB /* setting-bj@3x.png */; };
		FAF3AABE1E347FD300C01FEB /* ZYMessageHistoryEntry.m in Sources */ = {isa = PBXBuildFile; fileRef = FAF3AABD1E347FD300C01FEB /* ZYMessageHistoryEntry.m */; };
		FAF3AAC21E34816F00C01FEB /* ZYMessageTableViewCell.m in Sources */ = {isa = PBXBuildFile; fileRef = FAF3AAC11E34816F00C01FEB /* ZYMessageTableViewCell.m */; };
		FAF3AAC51E34824C00C01FEB /* ZYChatViewController.m in Sources */ = {isa = PBXBuildFile; fileRef = FAF3AAC41E34824C00C01FEB /* ZYChatViewController.m */; };
		FAF3AAC81E34870000C01FEB /* BaloonChatCell.mm in Sources */ = {isa = PBXBuildFile; fileRef = FAF3AAC71E34870000C01FEB /* BaloonChatCell.mm */; };
		FAF3AACD1E34929300C01FEB /* MyIcon.png in Resources */ = {isa = PBXBuildFile; fileRef = FAF3AACC1E34929300C01FEB /* MyIcon.png */; };
		FAF68C6F1E480E1100FFD574 /* ZYContactTableViewCell.m in Sources */ = {isa = PBXBuildFile; fileRef = FAF68C6E1E480E1100FFD574 /* ZYContactTableViewCell.m */; };
		FAFD3D741E25DDB1001992B9 /* ZYSipTools.m in Sources */ = {isa = PBXBuildFile; fileRef = FAFD3D731E25DDB1001992B9 /* ZYSipTools.m */; };
		FAFD3D781E26049D001992B9 /* ZYUserManager.m in Sources */ = {isa = PBXBuildFile; fileRef = FAFD3D771E26049D001992B9 /* ZYUserManager.m */; };
		FAFD3D801E2622D1001992B9 /* ZYContactViewController.m in Sources */ = {isa = PBXBuildFile; fileRef = FAFD3D7F1E2622D1001992B9 /* ZYContactViewController.m */; settings = {COMPILER_FLAGS = "-fno-objc-arc"; }; };
		FAFD3D831E2624A5001992B9 /* ZYButton.m in Sources */ = {isa = PBXBuildFile; fileRef = FAFD3D821E2624A5001992B9 /* ZYButton.m */; };
/* End PBXBuildFile section */

/* Begin PBXContainerItemProxy section */
		FA77181F1E246EEE00AD8F5F /* PBXContainerItemProxy */ = {
			isa = PBXContainerItemProxy;
			containerPortal = FA77180B1E246EED00AD8F5F /* ios-ngn-stack.xcodeproj */;
			proxyType = 2;
			remoteGlobalIDString = D2AAC07E0554694100DB518D;
			remoteInfo = "ios-ngn-stack";
		};
		FA7718211E246EEE00AD8F5F /* PBXContainerItemProxy */ = {
			isa = PBXContainerItemProxy;
			containerPortal = FA77180B1E246EED00AD8F5F /* ios-ngn-stack.xcodeproj */;
			proxyType = 2;
			remoteGlobalIDString = EC6130DC1910368D003C7245;
			remoteInfo = tinyBFCP;
		};
		FA7718231E246EEE00AD8F5F /* PBXContainerItemProxy */ = {
			isa = PBXContainerItemProxy;
			containerPortal = FA77180B1E246EED00AD8F5F /* ios-ngn-stack.xcodeproj */;
			proxyType = 2;
			remoteGlobalIDString = ECFD2426135D584100E6A9A3;
			remoteInfo = tinySAK;
		};
		FA7718251E246EEE00AD8F5F /* PBXContainerItemProxy */ = {
			isa = PBXContainerItemProxy;
			containerPortal = FA77180B1E246EED00AD8F5F /* ios-ngn-stack.xcodeproj */;
			proxyType = 2;
			remoteGlobalIDString = ECFD24ED135D58EB00E6A9A3;
			remoteInfo = tinyNET;
		};
		FA7718271E246EEE00AD8F5F /* PBXContainerItemProxy */ = {
			isa = PBXContainerItemProxy;
			containerPortal = FA77180B1E246EED00AD8F5F /* ios-ngn-stack.xcodeproj */;
			proxyType = 2;
			remoteGlobalIDString = ECFD25F7135D5CD100E6A9A3;
			remoteInfo = tinySDP;
		};
		FA7718291E246EEE00AD8F5F /* PBXContainerItemProxy */ = {
			isa = PBXContainerItemProxy;
			containerPortal = FA77180B1E246EED00AD8F5F /* ios-ngn-stack.xcodeproj */;
			proxyType = 2;
			remoteGlobalIDString = ECFD2693135D5DDD00E6A9A3;
			remoteInfo = tinyRTP;
		};
		FA77182B1E246EEE00AD8F5F /* PBXContainerItemProxy */ = {
			isa = PBXContainerItemProxy;
			containerPortal = FA77180B1E246EED00AD8F5F /* ios-ngn-stack.xcodeproj */;
			proxyType = 2;
			remoteGlobalIDString = ECFD2767135E79B800E6A9A3;
			remoteInfo = tinyIPSec;
		};
		FA77182D1E246EEE00AD8F5F /* PBXContainerItemProxy */ = {
			isa = PBXContainerItemProxy;
			containerPortal = FA77180B1E246EED00AD8F5F /* ios-ngn-stack.xcodeproj */;
			proxyType = 2;
			remoteGlobalIDString = ECFD279B135E7A0200E6A9A3;
			remoteInfo = tinyMSRP;
		};
		FA77182F1E246EEE00AD8F5F /* PBXContainerItemProxy */ = {
			isa = PBXContainerItemProxy;
			containerPortal = FA77180B1E246EED00AD8F5F /* ios-ngn-stack.xcodeproj */;
			proxyType = 2;
			remoteGlobalIDString = ECFD2851135E7ABA00E6A9A3;
			remoteInfo = tinyHTTP;
		};
		FA7718311E246EEE00AD8F5F /* PBXContainerItemProxy */ = {
			isa = PBXContainerItemProxy;
			containerPortal = FA77180B1E246EED00AD8F5F /* ios-ngn-stack.xcodeproj */;
			proxyType = 2;
			remoteGlobalIDString = ECFD2CDE135E7C7D00E6A9A3;
			remoteInfo = tinyMEDIA;
		};
		FA7718331E246EEE00AD8F5F /* PBXContainerItemProxy */ = {
			isa = PBXContainerItemProxy;
			containerPortal = FA77180B1E246EED00AD8F5F /* ios-ngn-stack.xcodeproj */;
			proxyType = 2;
			remoteGlobalIDString = ECFD2D5A135E7CD800E6A9A3;
			remoteInfo = tinySIGCOMP;
		};
		FA7718351E246EEE00AD8F5F /* PBXContainerItemProxy */ = {
			isa = PBXContainerItemProxy;
			containerPortal = FA77180B1E246EED00AD8F5F /* ios-ngn-stack.xcodeproj */;
			proxyType = 2;
			remoteGlobalIDString = ECFD2E02135E7D1000E6A9A3;
			remoteInfo = tinySMS;
		};
		FA7718371E246EEE00AD8F5F /* PBXContainerItemProxy */ = {
			isa = PBXContainerItemProxy;
			containerPortal = FA77180B1E246EED00AD8F5F /* ios-ngn-stack.xcodeproj */;
			proxyType = 2;
			remoteGlobalIDString = ECFD2E5B135E7D3600E6A9A3;
			remoteInfo = tinyXCAP;
		};
		FA7718391E246EEE00AD8F5F /* PBXContainerItemProxy */ = {
			isa = PBXContainerItemProxy;
			containerPortal = FA77180B1E246EED00AD8F5F /* ios-ngn-stack.xcodeproj */;
			proxyType = 2;
			remoteGlobalIDString = ECFD2E9A135E7D6D00E6A9A3;
			remoteInfo = tinySIP;
		};
		FA77183B1E246EEE00AD8F5F /* PBXContainerItemProxy */ = {
			isa = PBXContainerItemProxy;
			containerPortal = FA77180B1E246EED00AD8F5F /* ios-ngn-stack.xcodeproj */;
			proxyType = 2;
			remoteGlobalIDString = ECFD3171135E7DA100E6A9A3;
			remoteInfo = tinyDAV;
		};
		FA77183D1E246EEE00AD8F5F /* PBXContainerItemProxy */ = {
			isa = PBXContainerItemProxy;
			containerPortal = FA77180B1E246EED00AD8F5F /* ios-ngn-stack.xcodeproj */;
			proxyType = 2;
			remoteGlobalIDString = ECFD32AE135E821000E6A9A3;
			remoteInfo = tinyWRAP;
		};
/* End PBXContainerItemProxy section */

/* Begin PBXFileReference section */
		1F83DB3C08E8FF214A1929A7 /* Pods-ZYDoubs.debug.xcconfig */ = {isa = PBXFileReference; includeInIndex = 1; lastKnownFileType = text.xcconfig; name = "Pods-ZYDoubs.debug.xcconfig"; path = "Pods/Target Support Files/Pods-ZYDoubs/Pods-ZYDoubs.debug.xcconfig"; sourceTree = "<group>"; };
		A6FC9CDD0DA69A2E9FF96CE2 /* libPods-ZYDoubs.a */ = {isa = PBXFileReference; explicitFileType = archive.ar; includeInIndex = 0; path = "libPods-ZYDoubs.a"; sourceTree = BUILT_PRODUCTS_DIR; };
		CC9E7FECFABA1CFBAA6F5C63 /* Pods-ZYDoubs.release.xcconfig */ = {isa = PBXFileReference; includeInIndex = 1; lastKnownFileType = text.xcconfig; name = "Pods-ZYDoubs.release.xcconfig"; path = "Pods/Target Support Files/Pods-ZYDoubs/Pods-ZYDoubs.release.xcconfig"; sourceTree = "<group>"; };
		FA0EDF071E2B269900F9498D /* CNUIHelper.h */ = {isa = PBXFileReference; fileEncoding = 4; lastKnownFileType = sourcecode.c.h; path = CNUIHelper.h; sourceTree = "<group>"; };
		FA0EDF081E2B269900F9498D /* CNUIHelper.m */ = {isa = PBXFileReference; fileEncoding = 4; lastKnownFileType = sourcecode.c.objc; path = CNUIHelper.m; sourceTree = "<group>"; };
		FA0EDF091E2B269900F9498D /* Toast+UIView.h */ = {isa = PBXFileReference; fileEncoding = 4; lastKnownFileType = sourcecode.c.h; path = "Toast+UIView.h"; sourceTree = "<group>"; };
		FA0EDF0A1E2B269900F9498D /* Toast+UIView.m */ = {isa = PBXFileReference; fileEncoding = 4; lastKnownFileType = sourcecode.c.objc; path = "Toast+UIView.m"; sourceTree = "<group>"; };
		FA0EDF2D1E2B675700F9498D /* Reachability.h */ = {isa = PBXFileReference; fileEncoding = 4; lastKnownFileType = sourcecode.c.h; path = Reachability.h; sourceTree = "<group>"; };
		FA0EDF2E1E2B675700F9498D /* Reachability.m */ = {isa = PBXFileReference; fileEncoding = 4; lastKnownFileType = sourcecode.c.objc; path = Reachability.m; sourceTree = "<group>"; };
		FA10F14E1E233CFD00BAFDA5 /* ZYDoubs.app */ = {isa = PBXFileReference; explicitFileType = wrapper.application; includeInIndex = 0; path = ZYDoubs.app; sourceTree = BUILT_PRODUCTS_DIR; };
		FA134C351E2DBA37000320D2 /* PSTAlertController.h */ = {isa = PBXFileReference; fileEncoding = 4; lastKnownFileType = sourcecode.c.h; path = PSTAlertController.h; sourceTree = "<group>"; };
		FA134C361E2DBA37000320D2 /* PSTAlertController.m */ = {isa = PBXFileReference; fileEncoding = 4; lastKnownFileType = sourcecode.c.objc; path = PSTAlertController.m; sourceTree = "<group>"; };
		FA134C491E2DBC0C000320D2 /* ZYLabel.h */ = {isa = PBXFileReference; fileEncoding = 4; lastKnownFileType = sourcecode.c.h; path = ZYLabel.h; sourceTree = "<group>"; };
		FA134C4A1E2DBC0C000320D2 /* ZYLabel.m */ = {isa = PBXFileReference; fileEncoding = 4; lastKnownFileType = sourcecode.c.objc; path = ZYLabel.m; sourceTree = "<group>"; };
		FA134C4C1E2DBE07000320D2 /* ZYUtilsMacros.h */ = {isa = PBXFileReference; fileEncoding = 4; lastKnownFileType = sourcecode.c.h; path = ZYUtilsMacros.h; sourceTree = "<group>"; };
		FA134C4D1E2DBE60000320D2 /* ZYRouteVCMacros.h */ = {isa = PBXFileReference; fileEncoding = 4; lastKnownFileType = sourcecode.c.h; path = ZYRouteVCMacros.h; sourceTree = "<group>"; };
		FA134C501E2DF462000320D2 /* SystemAudio.h */ = {isa = PBXFileReference; fileEncoding = 4; lastKnownFileType = sourcecode.c.h; path = SystemAudio.h; sourceTree = "<group>"; };
		FA134C511E2DF462000320D2 /* SystemAudio.m */ = {isa = PBXFileReference; fileEncoding = 4; lastKnownFileType = sourcecode.c.objc; path = SystemAudio.m; sourceTree = "<group>"; };
		FA134C531E2DF4C2000320D2 /* DefaultsMacros.h */ = {isa = PBXFileReference; fileEncoding = 4; lastKnownFileType = sourcecode.c.h; path = DefaultsMacros.h; sourceTree = "<group>"; };
		FA2C16871E308F4400B15339 /* DontDisturbManager.h */ = {isa = PBXFileReference; fileEncoding = 4; lastKnownFileType = sourcecode.c.h; path = DontDisturbManager.h; sourceTree = "<group>"; };
		FA2C16881E308F4400B15339 /* DontDisturbManager.m */ = {isa = PBXFileReference; fileEncoding = 4; lastKnownFileType = sourcecode.c.objc; path = DontDisturbManager.m; sourceTree = "<group>"; };
		FA2C169C1E308FDC00B15339 /* MyFMDataBase.h */ = {isa = PBXFileReference; fileEncoding = 4; lastKnownFileType = sourcecode.c.h; path = MyFMDataBase.h; sourceTree = "<group>"; };
		FA2C169D1E308FDC00B15339 /* MyFMDataBase.m */ = {isa = PBXFileReference; fileEncoding = 4; lastKnownFileType = sourcecode.c.objc; path = MyFMDataBase.m; sourceTree = "<group>"; };
		FA2C169F1E3090F200B15339 /* ZYDataBaseMacros.h */ = {isa = PBXFileReference; fileEncoding = 4; lastKnownFileType = sourcecode.c.h; path = ZYDataBaseMacros.h; sourceTree = "<group>"; };
		FA77180B1E246EED00AD8F5F /* ios-ngn-stack.xcodeproj */ = {isa = PBXFileReference; lastKnownFileType = "wrapper.pb-project"; name = "ios-ngn-stack.xcodeproj"; path = "../ios-ngn-stack/ios-ngn-stack.xcodeproj"; sourceTree = "<group>"; };
		FA7718421E24770A00AD8F5F /* main.m */ = {isa = PBXFileReference; fileEncoding = 4; lastKnownFileType = sourcecode.c.objc; path = main.m; sourceTree = "<group>"; };
		FA77184D1E24770A00AD8F5F /* Info.plist */ = {isa = PBXFileReference; fileEncoding = 4; lastKnownFileType = text.plist.xml; path = Info.plist; sourceTree = "<group>"; };
		FA7718521E24770A00AD8F5F /* Base */ = {isa = PBXFileReference; lastKnownFileType = file.storyboard; name = Base; path = Base.lproj/LaunchScreen.storyboard; sourceTree = "<group>"; };
		FA7718621E247B0D00AD8F5F /* Images.xcassets */ = {isa = PBXFileReference; lastKnownFileType = folder.assetcatalog; path = Images.xcassets; sourceTree = "<group>"; };
		FA7718861E247D1D00AD8F5F /* libFMDB.a */ = {isa = PBXFileReference; lastKnownFileType = archive.ar; name = libFMDB.a; path = "../../../../Library/Developer/Xcode/DerivedData/ZYDoubs-bhyajgysqrxoigbfgsgqticwwpdd/Build/Products/Debug-iphoneos/FMDB/libFMDB.a"; sourceTree = "<group>"; };
		FA7718871E247D1D00AD8F5F /* libIQKeyboardManager.a */ = {isa = PBXFileReference; lastKnownFileType = archive.ar; name = libIQKeyboardManager.a; path = "../../../../Library/Developer/Xcode/DerivedData/ZYDoubs-bhyajgysqrxoigbfgsgqticwwpdd/Build/Products/Debug-iphoneos/IQKeyboardManager/libIQKeyboardManager.a"; sourceTree = "<group>"; };
		FA7718881E247D1D00AD8F5F /* libMasonry.a */ = {isa = PBXFileReference; lastKnownFileType = archive.ar; name = libMasonry.a; path = "../../../../Library/Developer/Xcode/DerivedData/ZYDoubs-bhyajgysqrxoigbfgsgqticwwpdd/Build/Products/Debug-iphoneos/Masonry/libMasonry.a"; sourceTree = "<group>"; };
		FA7718891E247D1D00AD8F5F /* libMJRefresh.a */ = {isa = PBXFileReference; lastKnownFileType = archive.ar; name = libMJRefresh.a; path = "../../../../Library/Developer/Xcode/DerivedData/ZYDoubs-bhyajgysqrxoigbfgsgqticwwpdd/Build/Products/Debug-iphoneos/MJRefresh/libMJRefresh.a"; sourceTree = "<group>"; };
		FA77188A1E247D1D00AD8F5F /* libSDAutoLayout.a */ = {isa = PBXFileReference; lastKnownFileType = archive.ar; name = libSDAutoLayout.a; path = "../../../../Library/Developer/Xcode/DerivedData/ZYDoubs-bhyajgysqrxoigbfgsgqticwwpdd/Build/Products/Debug-iphoneos/SDAutoLayout/libSDAutoLayout.a"; sourceTree = "<group>"; };
		FA77188B1E247D1D00AD8F5F /* libSVProgressHUD.a */ = {isa = PBXFileReference; lastKnownFileType = archive.ar; name = libSVProgressHUD.a; path = "../../../../Library/Developer/Xcode/DerivedData/ZYDoubs-bhyajgysqrxoigbfgsgqticwwpdd/Build/Products/Debug-iphoneos/SVProgressHUD/libSVProgressHUD.a"; sourceTree = "<group>"; };
		FA7718921E247D3100AD8F5F /* QuartzCore.framework */ = {isa = PBXFileReference; lastKnownFileType = wrapper.framework; name = QuartzCore.framework; path = System/Library/Frameworks/QuartzCore.framework; sourceTree = SDKROOT; };
		FA7718941E247D3900AD8F5F /* OpenGLES.framework */ = {isa = PBXFileReference; lastKnownFileType = wrapper.framework; name = OpenGLES.framework; path = System/Library/Frameworks/OpenGLES.framework; sourceTree = SDKROOT; };
		FA7718961E247D4000AD8F5F /* Security.framework */ = {isa = PBXFileReference; lastKnownFileType = wrapper.framework; name = Security.framework; path = System/Library/Frameworks/Security.framework; sourceTree = SDKROOT; };
		FA7718981E247D4600AD8F5F /* CFNetwork.framework */ = {isa = PBXFileReference; lastKnownFileType = wrapper.framework; name = CFNetwork.framework; path = System/Library/Frameworks/CFNetwork.framework; sourceTree = SDKROOT; };
		FA77189A1E247D4D00AD8F5F /* AudioToolbox.framework */ = {isa = PBXFileReference; lastKnownFileType = wrapper.framework; name = AudioToolbox.framework; path = System/Library/Frameworks/AudioToolbox.framework; sourceTree = SDKROOT; };
		FA77189C1E247D5300AD8F5F /* AddressBook.framework */ = {isa = PBXFileReference; lastKnownFileType = wrapper.framework; name = AddressBook.framework; path = System/Library/Frameworks/AddressBook.framework; sourceTree = SDKROOT; };
		FA77189E1E247D5B00AD8F5F /* CoreGraphics.framework */ = {isa = PBXFileReference; lastKnownFileType = wrapper.framework; name = CoreGraphics.framework; path = System/Library/Frameworks/CoreGraphics.framework; sourceTree = SDKROOT; };
		FA7718A01E247D6200AD8F5F /* AVFoundation.framework */ = {isa = PBXFileReference; lastKnownFileType = wrapper.framework; name = AVFoundation.framework; path = System/Library/Frameworks/AVFoundation.framework; sourceTree = SDKROOT; };
		FA7718A21E247D6900AD8F5F /* CoreMedia.framework */ = {isa = PBXFileReference; lastKnownFileType = wrapper.framework; name = CoreMedia.framework; path = System/Library/Frameworks/CoreMedia.framework; sourceTree = SDKROOT; };
		FA7718A41E247D7100AD8F5F /* CoreVideo.framework */ = {isa = PBXFileReference; lastKnownFileType = wrapper.framework; name = CoreVideo.framework; path = System/Library/Frameworks/CoreVideo.framework; sourceTree = SDKROOT; };
		FA7718A61E247D7800AD8F5F /* SystemConfiguration.framework */ = {isa = PBXFileReference; lastKnownFileType = wrapper.framework; name = SystemConfiguration.framework; path = System/Library/Frameworks/SystemConfiguration.framework; sourceTree = SDKROOT; };
		FA7718A81E247D8C00AD8F5F /* libsqlite3.tbd */ = {isa = PBXFileReference; lastKnownFileType = "sourcecode.text-based-dylib-definition"; name = libsqlite3.tbd; path = usr/lib/libsqlite3.tbd; sourceTree = SDKROOT; };
		FA7718AA1E247D9300AD8F5F /* libresolv.tbd */ = {isa = PBXFileReference; lastKnownFileType = "sourcecode.text-based-dylib-definition"; name = libresolv.tbd; path = usr/lib/libresolv.tbd; sourceTree = SDKROOT; };
		FA7718AC1E247F9500AD8F5F /* Foundation.framework */ = {isa = PBXFileReference; lastKnownFileType = wrapper.framework; name = Foundation.framework; path = System/Library/Frameworks/Foundation.framework; sourceTree = SDKROOT; };
		FA7718B41E24823D00AD8F5F /* ZYMessageViewController.h */ = {isa = PBXFileReference; fileEncoding = 4; lastKnownFileType = sourcecode.c.h; path = ZYMessageViewController.h; sourceTree = "<group>"; };
		FA7718B51E24823D00AD8F5F /* ZYMessageViewController.m */ = {isa = PBXFileReference; fileEncoding = 4; lastKnownFileType = sourcecode.c.objc; path = ZYMessageViewController.m; sourceTree = "<group>"; };
		FA7718B71E24825700AD8F5F /* ZYMineViewController.h */ = {isa = PBXFileReference; fileEncoding = 4; lastKnownFileType = sourcecode.c.h; path = ZYMineViewController.h; sourceTree = "<group>"; };
		FA7718B81E24825700AD8F5F /* ZYMineViewController.m */ = {isa = PBXFileReference; fileEncoding = 4; lastKnownFileType = sourcecode.c.objc; path = ZYMineViewController.m; sourceTree = "<group>"; };
		FA7718C71E24867300AD8F5F /* PrefixHeader.pch */ = {isa = PBXFileReference; fileEncoding = 4; lastKnownFileType = sourcecode.c.h; path = PrefixHeader.pch; sourceTree = "<group>"; };
		FA7718CA1E2487B300AD8F5F /* ZYBaseTableViewController.h */ = {isa = PBXFileReference; fileEncoding = 4; lastKnownFileType = sourcecode.c.h; path = ZYBaseTableViewController.h; sourceTree = "<group>"; };
		FA7718CB1E2487B300AD8F5F /* ZYBaseTableViewController.m */ = {isa = PBXFileReference; fileEncoding = 4; lastKnownFileType = sourcecode.c.objc; path = ZYBaseTableViewController.m; sourceTree = "<group>"; };
		FA7718CC1E2487B300AD8F5F /* ZYBaseViewController.h */ = {isa = PBXFileReference; fileEncoding = 4; lastKnownFileType = sourcecode.c.h; path = ZYBaseViewController.h; sourceTree = "<group>"; };
		FA7718CD1E2487B300AD8F5F /* ZYBaseViewController.m */ = {isa = PBXFileReference; fileEncoding = 4; lastKnownFileType = sourcecode.c.objc; path = ZYBaseViewController.m; sourceTree = "<group>"; };
		FA7718CE1E2487B300AD8F5F /* ZYMainNavViewController.h */ = {isa = PBXFileReference; fileEncoding = 4; lastKnownFileType = sourcecode.c.h; path = ZYMainNavViewController.h; sourceTree = "<group>"; };
		FA7718CF1E2487B300AD8F5F /* ZYMainNavViewController.m */ = {isa = PBXFileReference; fileEncoding = 4; lastKnownFileType = sourcecode.c.objc; path = ZYMainNavViewController.m; sourceTree = "<group>"; };
		FA7718D01E2487B300AD8F5F /* ZYMainTabBarViewController.h */ = {isa = PBXFileReference; fileEncoding = 4; lastKnownFileType = sourcecode.c.h; path = ZYMainTabBarViewController.h; sourceTree = "<group>"; };
		FA7718D11E2487B300AD8F5F /* ZYMainTabBarViewController.m */ = {isa = PBXFileReference; fileEncoding = 4; lastKnownFileType = sourcecode.c.objc; path = ZYMainTabBarViewController.m; sourceTree = "<group>"; };
		FA7718D71E2487CE00AD8F5F /* ZYBarButton.h */ = {isa = PBXFileReference; fileEncoding = 4; lastKnownFileType = sourcecode.c.h; path = ZYBarButton.h; sourceTree = "<group>"; };
		FA7718D81E2487CE00AD8F5F /* ZYBarButton.m */ = {isa = PBXFileReference; fileEncoding = 4; lastKnownFileType = sourcecode.c.objc; path = ZYBarButton.m; sourceTree = "<group>"; };
		FA7718DA1E2488BE00AD8F5F /* ZYTools.h */ = {isa = PBXFileReference; fileEncoding = 4; lastKnownFileType = sourcecode.c.h; path = ZYTools.h; sourceTree = "<group>"; };
		FA7718DB1E2488BE00AD8F5F /* ZYTools.m */ = {isa = PBXFileReference; fileEncoding = 4; lastKnownFileType = sourcecode.c.objc; path = ZYTools.m; sourceTree = "<group>"; };
		FA7718DD1E24936E00AD8F5F /* ZYAppDelegate.h */ = {isa = PBXFileReference; fileEncoding = 4; lastKnownFileType = sourcecode.c.h; path = ZYAppDelegate.h; sourceTree = "<group>"; };
		FA7718DE1E24936E00AD8F5F /* ZYAppDelegate.mm */ = {isa = PBXFileReference; fileEncoding = 4; lastKnownFileType = sourcecode.cpp.objcpp; path = ZYAppDelegate.mm; sourceTree = "<group>"; };
		FA7718E01E24941700AD8F5F /* ZYAppDelegate+Private.h */ = {isa = PBXFileReference; fileEncoding = 4; lastKnownFileType = sourcecode.c.h; path = "ZYAppDelegate+Private.h"; sourceTree = "<group>"; };
		FA7718E11E24941700AD8F5F /* ZYAppDelegate+Private.m */ = {isa = PBXFileReference; fileEncoding = 4; lastKnownFileType = sourcecode.c.objc; path = "ZYAppDelegate+Private.m"; sourceTree = "<group>"; };
		FA7718E41E24A99400AD8F5F /* ZYAppDelegate+SipCallback.h */ = {isa = PBXFileReference; fileEncoding = 4; lastKnownFileType = sourcecode.c.h; path = "ZYAppDelegate+SipCallback.h"; sourceTree = "<group>"; };
		FA7718E51E24A99400AD8F5F /* ZYAppDelegate+SipCallback.mm */ = {isa = PBXFileReference; fileEncoding = 4; lastKnownFileType = sourcecode.cpp.objcpp; path = "ZYAppDelegate+SipCallback.mm"; sourceTree = "<group>"; };
		FA7718F81E24A9BF00AD8F5F /* ZYAppDelegate+EnterBackground.h */ = {isa = PBXFileReference; fileEncoding = 4; lastKnownFileType = sourcecode.c.h; path = "ZYAppDelegate+EnterBackground.h"; sourceTree = "<group>"; };
		FA7718F91E24A9BF00AD8F5F /* ZYAppDelegate+EnterBackground.mm */ = {isa = PBXFileReference; fileEncoding = 4; lastKnownFileType = sourcecode.cpp.objcpp; path = "ZYAppDelegate+EnterBackground.mm"; sourceTree = "<group>"; };
		FA7718FB1E24A9D600AD8F5F /* ZYAppDelegate+Notification.h */ = {isa = PBXFileReference; fileEncoding = 4; lastKnownFileType = sourcecode.c.h; path = "ZYAppDelegate+Notification.h"; sourceTree = "<group>"; };
		FA7718FC1E24A9D600AD8F5F /* ZYAppDelegate+Notification.m */ = {isa = PBXFileReference; fileEncoding = 4; lastKnownFileType = sourcecode.c.objc; path = "ZYAppDelegate+Notification.m"; sourceTree = "<group>"; };
		FA7719001E24B12900AD8F5F /* Routable.h */ = {isa = PBXFileReference; fileEncoding = 4; lastKnownFileType = sourcecode.c.h; path = Routable.h; sourceTree = "<group>"; };
		FA7719011E24B12900AD8F5F /* Routable.m */ = {isa = PBXFileReference; fileEncoding = 4; lastKnownFileType = sourcecode.c.objc; path = Routable.m; sourceTree = "<group>"; };
		FA7719041E24B27900AD8F5F /* ZYNewFeatureViewController.h */ = {isa = PBXFileReference; fileEncoding = 4; lastKnownFileType = sourcecode.c.h; path = ZYNewFeatureViewController.h; sourceTree = "<group>"; };
		FA7719051E24B27900AD8F5F /* ZYNewFeatureViewController.m */ = {isa = PBXFileReference; fileEncoding = 4; lastKnownFileType = sourcecode.c.objc; path = ZYNewFeatureViewController.m; sourceTree = "<group>"; };
		FA7719081E24B6AC00AD8F5F /* ZYLog.h */ = {isa = PBXFileReference; fileEncoding = 4; lastKnownFileType = sourcecode.c.h; path = ZYLog.h; sourceTree = "<group>"; };
		FA7719091E24B6AC00AD8F5F /* ZYLog.m */ = {isa = PBXFileReference; fileEncoding = 4; lastKnownFileType = sourcecode.c.objc; path = ZYLog.m; sourceTree = "<group>"; };
		FA77191D1E24B95900AD8F5F /* ZYConst.h */ = {isa = PBXFileReference; fileEncoding = 4; lastKnownFileType = sourcecode.c.h; path = ZYConst.h; sourceTree = "<group>"; };
		FA77191E1E24B95900AD8F5F /* ZYConst.m */ = {isa = PBXFileReference; fileEncoding = 4; lastKnownFileType = sourcecode.c.objc; path = ZYConst.m; sourceTree = "<group>"; };
		FAD70C6D1E4718FD00345D4B /* ContactViewCell.h */ = {isa = PBXFileReference; fileEncoding = 4; lastKnownFileType = sourcecode.c.h; path = ContactViewCell.h; sourceTree = "<group>"; };
		FAD70C6E1E4718FD00345D4B /* ContactViewCell.mm */ = {isa = PBXFileReference; fileEncoding = 4; lastKnownFileType = sourcecode.cpp.objcpp; path = ContactViewCell.mm; sourceTree = "<group>"; };
		FAD70C6F1E4718FD00345D4B /* ContactViewCell.xib */ = {isa = PBXFileReference; fileEncoding = 4; lastKnownFileType = file.xib; path = ContactViewCell.xib; sourceTree = "<group>"; };
		FADDD8C51E27770400F0A226 /* ZYSipSettingViewController.h */ = {isa = PBXFileReference; fileEncoding = 4; lastKnownFileType = sourcecode.c.h; path = ZYSipSettingViewController.h; sourceTree = "<group>"; };
		FADDD8C61E27770400F0A226 /* ZYSipSettingViewController.m */ = {isa = PBXFileReference; fileEncoding = 4; lastKnownFileType = sourcecode.c.objc; path = ZYSipSettingViewController.m; sourceTree = "<group>"; };
		FADDD8DC1E27781700F0A226 /* ZYTextField.h */ = {isa = PBXFileReference; fileEncoding = 4; lastKnownFileType = sourcecode.c.h; path = ZYTextField.h; sourceTree = "<group>"; };
		FADDD8DD1E27781700F0A226 /* ZYTextField.m */ = {isa = PBXFileReference; fileEncoding = 4; lastKnownFileType = sourcecode.c.objc; path = ZYTextField.m; sourceTree = "<group>"; };
		FAEDBB8A1E2CBCC8003EEF8D /* ZYAudioViewController.h */ = {isa = PBXFileReference; fileEncoding = 4; lastKnownFileType = sourcecode.c.h; path = ZYAudioViewController.h; sourceTree = "<group>"; };
		FAEDBB8B1E2CBCC8003EEF8D /* ZYAudioViewController.m */ = {isa = PBXFileReference; fileEncoding = 4; lastKnownFileType = sourcecode.c.objc; path = ZYAudioViewController.m; sourceTree = "<group>"; };
		FAEDBB8D1E2CBCC8003EEF8D /* ZYVideoViewController.h */ = {isa = PBXFileReference; fileEncoding = 4; lastKnownFileType = sourcecode.c.h; path = ZYVideoViewController.h; sourceTree = "<group>"; };
		FAEDBB8E1E2CBCC8003EEF8D /* ZYVideoViewController.m */ = {isa = PBXFileReference; fileEncoding = 4; lastKnownFileType = sourcecode.c.objc; path = ZYVideoViewController.m; sourceTree = "<group>"; };
		FAEDBB8F1E2CBCC8003EEF8D /* ZYCallViewController.h */ = {isa = PBXFileReference; fileEncoding = 4; lastKnownFileType = sourcecode.c.h; path = ZYCallViewController.h; sourceTree = "<group>"; };
		FAEDBB901E2CBCC8003EEF8D /* ZYCallViewController.mm */ = {isa = PBXFileReference; fileEncoding = 4; lastKnownFileType = sourcecode.cpp.objcpp; path = ZYCallViewController.mm; sourceTree = "<group>"; };
		FAEDBB911E2CBCC8003EEF8D /* ZYDailNumViewController.h */ = {isa = PBXFileReference; fileEncoding = 4; lastKnownFileType = sourcecode.c.h; path = ZYDailNumViewController.h; sourceTree = "<group>"; };
		FAEDBB921E2CBCC8003EEF8D /* ZYDailNumViewController.m */ = {isa = PBXFileReference; fileEncoding = 4; lastKnownFileType = sourcecode.c.objc; path = ZYDailNumViewController.m; sourceTree = "<group>"; };
		FAEDBB971E2CC342003EEF8D /* UIViewController+ZYUtils.h */ = {isa = PBXFileReference; fileEncoding = 4; lastKnownFileType = sourcecode.c.h; path = "UIViewController+ZYUtils.h"; sourceTree = "<group>"; };
		FAEDBB981E2CC342003EEF8D /* UIViewController+ZYUtils.m */ = {isa = PBXFileReference; fileEncoding = 4; lastKnownFileType = sourcecode.c.objc; path = "UIViewController+ZYUtils.m"; sourceTree = "<group>"; };
		FAF3AA5E1E343F9D00C01FEB /* tab_call@2x.png */ = {isa = PBXFileReference; lastKnownFileType = image.png; path = "tab_call@2x.png"; sourceTree = "<group>"; };
		FAF3AA5F1E343F9D00C01FEB /* tab_call@3x.png */ = {isa = PBXFileReference; lastKnownFileType = image.png; path = "tab_call@3x.png"; sourceTree = "<group>"; };
		FAF3AA601E343F9D00C01FEB /* tab_call_s@2x.png */ = {isa = PBXFileReference; lastKnownFileType = image.png; path = "tab_call_s@2x.png"; sourceTree = "<group>"; };
		FAF3AA611E343F9D00C01FEB /* tab_call_s@3x.png */ = {isa = PBXFileReference; lastKnownFileType = image.png; path = "tab_call_s@3x.png"; sourceTree = "<group>"; };
		FAF3AA621E343F9D00C01FEB /* tab_contact@2x.png */ = {isa = PBXFileReference; lastKnownFileType = image.png; path = "tab_contact@2x.png"; sourceTree = "<group>"; };
		FAF3AA631E343F9D00C01FEB /* tab_contact@3x.png */ = {isa = PBXFileReference; lastKnownFileType = image.png; path = "tab_contact@3x.png"; sourceTree = "<group>"; };
		FAF3AA641E343F9D00C01FEB /* tab_contact_s@2x.png */ = {isa = PBXFileReference; lastKnownFileType = image.png; path = "tab_contact_s@2x.png"; sourceTree = "<group>"; };
		FAF3AA651E343F9D00C01FEB /* tab_contact_s@3x.png */ = {isa = PBXFileReference; lastKnownFileType = image.png; path = "tab_contact_s@3x.png"; sourceTree = "<group>"; };
		FAF3AA661E343F9D00C01FEB /* tab_message@2x.png */ = {isa = PBXFileReference; lastKnownFileType = image.png; path = "tab_message@2x.png"; sourceTree = "<group>"; };
		FAF3AA671E343F9D00C01FEB /* tab_message@3x.png */ = {isa = PBXFileReference; lastKnownFileType = image.png; path = "tab_message@3x.png"; sourceTree = "<group>"; };
		FAF3AA681E343F9D00C01FEB /* tab_message_s@2x.png */ = {isa = PBXFileReference; lastKnownFileType = image.png; path = "tab_message_s@2x.png"; sourceTree = "<group>"; };
		FAF3AA691E343F9D00C01FEB /* tab_message_s@3x.png */ = {isa = PBXFileReference; lastKnownFileType = image.png; path = "tab_message_s@3x.png"; sourceTree = "<group>"; };
		FAF3AA6A1E343F9D00C01FEB /* tab_Settings@2x.png */ = {isa = PBXFileReference; lastKnownFileType = image.png; path = "tab_Settings@2x.png"; sourceTree = "<group>"; };
		FAF3AA6B1E343F9D00C01FEB /* tab_Settings@3x.png */ = {isa = PBXFileReference; lastKnownFileType = image.png; path = "tab_Settings@3x.png"; sourceTree = "<group>"; };
		FAF3AA6C1E343F9D00C01FEB /* tab_Settings_s@2x.png */ = {isa = PBXFileReference; lastKnownFileType = image.png; path = "tab_Settings_s@2x.png"; sourceTree = "<group>"; };
		FAF3AA6D1E343F9D00C01FEB /* tab_Settings_s@3x.png */ = {isa = PBXFileReference; lastKnownFileType = image.png; path = "tab_Settings_s@3x.png"; sourceTree = "<group>"; };
		FAF3AA8F1E343FD000C01FEB /* Tab-bj@2x.png */ = {isa = PBXFileReference; lastKnownFileType = image.png; path = "Tab-bj@2x.png"; sourceTree = "<group>"; };
		FAF3AA901E343FD000C01FEB /* Tab-bj@3x.png */ = {isa = PBXFileReference; lastKnownFileType = image.png; path = "Tab-bj@3x.png"; sourceTree = "<group>"; };
		FAF3AA941E34439100C01FEB /* btn_num@2x.png */ = {isa = PBXFileReference; lastKnownFileType = image.png; path = "btn_num@2x.png"; sourceTree = "<group>"; };
		FAF3AA951E34439100C01FEB /* btn_num@3x.png */ = {isa = PBXFileReference; lastKnownFileType = image.png; path = "btn_num@3x.png"; sourceTree = "<group>"; };
		FAF3AA961E34439100C01FEB /* phonecall@2x.png */ = {isa = PBXFileReference; lastKnownFileType = image.png; path = "phonecall@2x.png"; sourceTree = "<group>"; };
		FAF3AA971E34439100C01FEB /* phonecall@3x.png */ = {isa = PBXFileReference; lastKnownFileType = image.png; path = "phonecall@3x.png"; sourceTree = "<group>"; };
		FAF3AA981E34439100C01FEB /* vedio@2x.png */ = {isa = PBXFileReference; lastKnownFileType = image.png; path = "vedio@2x.png"; sourceTree = "<group>"; };
		FAF3AA991E34439100C01FEB /* vedio@3x.png */ = {isa = PBXFileReference; lastKnownFileType = image.png; path = "vedio@3x.png"; sourceTree = "<group>"; };
		FAF3AAA21E3443C500C01FEB /* Plus2@2x.png */ = {isa = PBXFileReference; lastKnownFileType = image.png; path = "Plus2@2x.png"; sourceTree = "<group>"; };
		FAF3AAA31E3443C500C01FEB /* Plus2@3x.png */ = {isa = PBXFileReference; lastKnownFileType = image.png; path = "Plus2@3x.png"; sourceTree = "<group>"; };
		FAF3AAA81E3443D800C01FEB /* Delete@2x.png */ = {isa = PBXFileReference; lastKnownFileType = image.png; path = "Delete@2x.png"; sourceTree = "<group>"; };
		FAF3AAA91E3443D800C01FEB /* Delete@3x.png */ = {isa = PBXFileReference; lastKnownFileType = image.png; path = "Delete@3x.png"; sourceTree = "<group>"; };
		FAF3AAAC1E345C6000C01FEB /* Menu@2x.png */ = {isa = PBXFileReference; lastKnownFileType = image.png; path = "Menu@2x.png"; sourceTree = "<group>"; };
		FAF3AAAD1E345C6000C01FEB /* Menu@3x.png */ = {isa = PBXFileReference; lastKnownFileType = image.png; path = "Menu@3x.png"; sourceTree = "<group>"; };
		FAF3AAB11E345D0B00C01FEB /* Plus@2x.png */ = {isa = PBXFileReference; lastKnownFileType = image.png; path = "Plus@2x.png"; sourceTree = "<group>"; };
		FAF3AAB21E345D0B00C01FEB /* Plus@3x.png */ = {isa = PBXFileReference; lastKnownFileType = image.png; path = "Plus@3x.png"; sourceTree = "<group>"; };
		FAF3AAB71E34618700C01FEB /* setting-bj@2x.png */ = {isa = PBXFileReference; lastKnownFileType = image.png; path = "setting-bj@2x.png"; sourceTree = "<group>"; };
		FAF3AAB81E34618700C01FEB /* setting-bj@3x.png */ = {isa = PBXFileReference; lastKnownFileType = image.png; path = "setting-bj@3x.png"; sourceTree = "<group>"; };
		FAF3AABC1E347FD300C01FEB /* ZYMessageHistoryEntry.h */ = {isa = PBXFileReference; fileEncoding = 4; lastKnownFileType = sourcecode.c.h; path = ZYMessageHistoryEntry.h; sourceTree = "<group>"; };
		FAF3AABD1E347FD300C01FEB /* ZYMessageHistoryEntry.m */ = {isa = PBXFileReference; fileEncoding = 4; lastKnownFileType = sourcecode.c.objc; path = ZYMessageHistoryEntry.m; sourceTree = "<group>"; };
		FAF3AAC01E34816F00C01FEB /* ZYMessageTableViewCell.h */ = {isa = PBXFileReference; fileEncoding = 4; lastKnownFileType = sourcecode.c.h; path = ZYMessageTableViewCell.h; sourceTree = "<group>"; };
		FAF3AAC11E34816F00C01FEB /* ZYMessageTableViewCell.m */ = {isa = PBXFileReference; fileEncoding = 4; lastKnownFileType = sourcecode.c.objc; path = ZYMessageTableViewCell.m; sourceTree = "<group>"; };
		FAF3AAC31E34824C00C01FEB /* ZYChatViewController.h */ = {isa = PBXFileReference; fileEncoding = 4; lastKnownFileType = sourcecode.c.h; path = ZYChatViewController.h; sourceTree = "<group>"; };
		FAF3AAC41E34824C00C01FEB /* ZYChatViewController.m */ = {isa = PBXFileReference; fileEncoding = 4; lastKnownFileType = sourcecode.c.objc; path = ZYChatViewController.m; sourceTree = "<group>"; };
		FAF3AAC61E34870000C01FEB /* BaloonChatCell.h */ = {isa = PBXFileReference; fileEncoding = 4; lastKnownFileType = sourcecode.c.h; path = BaloonChatCell.h; sourceTree = "<group>"; };
		FAF3AAC71E34870000C01FEB /* BaloonChatCell.mm */ = {isa = PBXFileReference; fileEncoding = 4; lastKnownFileType = sourcecode.cpp.objcpp; path = BaloonChatCell.mm; sourceTree = "<group>"; };
		FAF3AACC1E34929300C01FEB /* MyIcon.png */ = {isa = PBXFileReference; lastKnownFileType = image.png; path = MyIcon.png; sourceTree = "<group>"; };
		FAF68C6D1E480E1100FFD574 /* ZYContactTableViewCell.h */ = {isa = PBXFileReference; fileEncoding = 4; lastKnownFileType = sourcecode.c.h; path = ZYContactTableViewCell.h; sourceTree = "<group>"; };
		FAF68C6E1E480E1100FFD574 /* ZYContactTableViewCell.m */ = {isa = PBXFileReference; fileEncoding = 4; lastKnownFileType = sourcecode.c.objc; path = ZYContactTableViewCell.m; sourceTree = "<group>"; };
		FAFD3D601E25DC74001992B9 /* ZYDoubangoMacros.h */ = {isa = PBXFileReference; fileEncoding = 4; lastKnownFileType = sourcecode.c.h; path = ZYDoubangoMacros.h; sourceTree = "<group>"; };
		FAFD3D721E25DDB1001992B9 /* ZYSipTools.h */ = {isa = PBXFileReference; fileEncoding = 4; lastKnownFileType = sourcecode.c.h; path = ZYSipTools.h; sourceTree = "<group>"; };
		FAFD3D731E25DDB1001992B9 /* ZYSipTools.m */ = {isa = PBXFileReference; fileEncoding = 4; lastKnownFileType = sourcecode.c.objc; path = ZYSipTools.m; sourceTree = "<group>"; };
		FAFD3D761E26049D001992B9 /* ZYUserManager.h */ = {isa = PBXFileReference; fileEncoding = 4; lastKnownFileType = sourcecode.c.h; path = ZYUserManager.h; sourceTree = "<group>"; };
		FAFD3D771E26049D001992B9 /* ZYUserManager.m */ = {isa = PBXFileReference; fileEncoding = 4; lastKnownFileType = sourcecode.c.objc; path = ZYUserManager.m; sourceTree = "<group>"; };
		FAFD3D7E1E2622D1001992B9 /* ZYContactViewController.h */ = {isa = PBXFileReference; fileEncoding = 4; lastKnownFileType = sourcecode.c.h; path = ZYContactViewController.h; sourceTree = "<group>"; };
		FAFD3D7F1E2622D1001992B9 /* ZYContactViewController.m */ = {isa = PBXFileReference; fileEncoding = 4; lastKnownFileType = sourcecode.c.objc; path = ZYContactViewController.m; sourceTree = "<group>"; };
		FAFD3D811E2624A5001992B9 /* ZYButton.h */ = {isa = PBXFileReference; fileEncoding = 4; lastKnownFileType = sourcecode.c.h; path = ZYButton.h; sourceTree = "<group>"; };
		FAFD3D821E2624A5001992B9 /* ZYButton.m */ = {isa = PBXFileReference; fileEncoding = 4; lastKnownFileType = sourcecode.c.objc; path = ZYButton.m; sourceTree = "<group>"; };
/* End PBXFileReference section */

/* Begin PBXFrameworksBuildPhase section */
		FA10F14B1E233CFD00BAFDA5 /* Frameworks */ = {
			isa = PBXFrameworksBuildPhase;
			buildActionMask = 2147483647;
			files = (
				FA7718AD1E247F9500AD8F5F /* Foundation.framework in Frameworks */,
				FA7718AB1E247D9300AD8F5F /* libresolv.tbd in Frameworks */,
				FA7718A91E247D8C00AD8F5F /* libsqlite3.tbd in Frameworks */,
				FA77189D1E247D5300AD8F5F /* AddressBook.framework in Frameworks */,
				FA7718A71E247D7800AD8F5F /* SystemConfiguration.framework in Frameworks */,
				FA7718A51E247D7100AD8F5F /* CoreVideo.framework in Frameworks */,
				FA7718A31E247D6900AD8F5F /* CoreMedia.framework in Frameworks */,
				FA7718A11E247D6200AD8F5F /* AVFoundation.framework in Frameworks */,
				FA77189F1E247D5B00AD8F5F /* CoreGraphics.framework in Frameworks */,
				FA77189B1E247D4D00AD8F5F /* AudioToolbox.framework in Frameworks */,
				FA7718991E247D4600AD8F5F /* CFNetwork.framework in Frameworks */,
				FA7718971E247D4000AD8F5F /* Security.framework in Frameworks */,
				FA7718951E247D3900AD8F5F /* OpenGLES.framework in Frameworks */,
				FA7718931E247D3100AD8F5F /* QuartzCore.framework in Frameworks */,
				FA77188C1E247D1D00AD8F5F /* libFMDB.a in Frameworks */,
				FA77188D1E247D1D00AD8F5F /* libIQKeyboardManager.a in Frameworks */,
				FA77188E1E247D1D00AD8F5F /* libMasonry.a in Frameworks */,
				FA77188F1E247D1D00AD8F5F /* libMJRefresh.a in Frameworks */,
				FA7718901E247D1D00AD8F5F /* libSDAutoLayout.a in Frameworks */,
				FA7718911E247D1D00AD8F5F /* libSVProgressHUD.a in Frameworks */,
				FA7718761E247D1D00AD8F5F /* libios_ngn_stack.a in Frameworks */,
				FA7718771E247D1D00AD8F5F /* libtinyBFCP.a in Frameworks */,
				FA7718781E247D1D00AD8F5F /* libtinyDAV.a in Frameworks */,
				FA7718791E247D1D00AD8F5F /* libtinyHTTP.a in Frameworks */,
				FA77187A1E247D1D00AD8F5F /* libtinyIPSec.a in Frameworks */,
				FA77187B1E247D1D00AD8F5F /* libtinyMEDIA.a in Frameworks */,
				FA77187C1E247D1D00AD8F5F /* libtinyMSRP.a in Frameworks */,
				FA77187D1E247D1D00AD8F5F /* libtinyNET.a in Frameworks */,
				FA77187E1E247D1D00AD8F5F /* libtinyRTP.a in Frameworks */,
				FA77187F1E247D1D00AD8F5F /* libtinySAK.a in Frameworks */,
				FA7718801E247D1D00AD8F5F /* libtinySDP.a in Frameworks */,
				FA7718811E247D1D00AD8F5F /* libtinySIGCOMP.a in Frameworks */,
				FA7718821E247D1D00AD8F5F /* libtinySIP.a in Frameworks */,
				FA7718831E247D1D00AD8F5F /* libtinySMS.a in Frameworks */,
				FA7718841E247D1D00AD8F5F /* libtinyWRAP.a in Frameworks */,
				FA7718851E247D1D00AD8F5F /* libtinyXCAP.a in Frameworks */,
				7600C6AD74D4C6650B5D0C22 /* libPods-ZYDoubs.a in Frameworks */,
			);
			runOnlyForDeploymentPostprocessing = 0;
		};
/* End PBXFrameworksBuildPhase section */

/* Begin PBXGroup section */
		3A32978FD5C31DEFD478DA15 /* Frameworks */ = {
			isa = PBXGroup;
			children = (
				FA7718AC1E247F9500AD8F5F /* Foundation.framework */,
				FA7718AA1E247D9300AD8F5F /* libresolv.tbd */,
				FA7718A81E247D8C00AD8F5F /* libsqlite3.tbd */,
				FA7718A61E247D7800AD8F5F /* SystemConfiguration.framework */,
				FA7718A41E247D7100AD8F5F /* CoreVideo.framework */,
				FA7718A21E247D6900AD8F5F /* CoreMedia.framework */,
				FA7718A01E247D6200AD8F5F /* AVFoundation.framework */,
				FA77189E1E247D5B00AD8F5F /* CoreGraphics.framework */,
				FA77189C1E247D5300AD8F5F /* AddressBook.framework */,
				FA77189A1E247D4D00AD8F5F /* AudioToolbox.framework */,
				FA7718981E247D4600AD8F5F /* CFNetwork.framework */,
				FA7718961E247D4000AD8F5F /* Security.framework */,
				FA7718941E247D3900AD8F5F /* OpenGLES.framework */,
				FA7718921E247D3100AD8F5F /* QuartzCore.framework */,
				FA7718861E247D1D00AD8F5F /* libFMDB.a */,
				FA7718871E247D1D00AD8F5F /* libIQKeyboardManager.a */,
				FA7718881E247D1D00AD8F5F /* libMasonry.a */,
				FA7718891E247D1D00AD8F5F /* libMJRefresh.a */,
				FA77188A1E247D1D00AD8F5F /* libSDAutoLayout.a */,
				FA77188B1E247D1D00AD8F5F /* libSVProgressHUD.a */,
				A6FC9CDD0DA69A2E9FF96CE2 /* libPods-ZYDoubs.a */,
			);
			name = Frameworks;
			sourceTree = "<group>";
		};
		B5A71097736442ED89CB0E91 /* Pods */ = {
			isa = PBXGroup;
			children = (
				1F83DB3C08E8FF214A1929A7 /* Pods-ZYDoubs.debug.xcconfig */,
				CC9E7FECFABA1CFBAA6F5C63 /* Pods-ZYDoubs.release.xcconfig */,
			);
			name = Pods;
			sourceTree = "<group>";
		};
		FA0EDF061E2B269900F9498D /* CNUIHelper */ = {
			isa = PBXGroup;
			children = (
				FA0EDF071E2B269900F9498D /* CNUIHelper.h */,
				FA0EDF081E2B269900F9498D /* CNUIHelper.m */,
				FA0EDF091E2B269900F9498D /* Toast+UIView.h */,
				FA0EDF0A1E2B269900F9498D /* Toast+UIView.m */,
			);
			path = CNUIHelper;
			sourceTree = "<group>";
		};
		FA0EDF2C1E2B675700F9498D /* Reachability */ = {
			isa = PBXGroup;
			children = (
				FA0EDF2D1E2B675700F9498D /* Reachability.h */,
				FA0EDF2E1E2B675700F9498D /* Reachability.m */,
			);
			path = Reachability;
			sourceTree = "<group>";
		};
		FA10F1451E233CFD00BAFDA5 = {
			isa = PBXGroup;
			children = (
				FA77180B1E246EED00AD8F5F /* ios-ngn-stack.xcodeproj */,
				FA10F1501E233CFD00BAFDA5 /* ZYDoubs */,
				FA10F14F1E233CFD00BAFDA5 /* Products */,
				B5A71097736442ED89CB0E91 /* Pods */,
				3A32978FD5C31DEFD478DA15 /* Frameworks */,
			);
			sourceTree = "<group>";
		};
		FA10F14F1E233CFD00BAFDA5 /* Products */ = {
			isa = PBXGroup;
			children = (
				FA10F14E1E233CFD00BAFDA5 /* ZYDoubs.app */,
			);
			name = Products;
			sourceTree = "<group>";
		};
		FA10F1501E233CFD00BAFDA5 /* ZYDoubs */ = {
			isa = PBXGroup;
			children = (
				FA7718FE1E24B12900AD8F5F /* Vender(第三方框架) */,
				FA77183F1E24770A00AD8F5F /* Application */,
				FA7718431E24770A00AD8F5F /* Common */,
				FA7718441E24770A00AD8F5F /* Feature */,
				FA7718491E24770A00AD8F5F /* Resource(资源) */,
				FA7718551E24770A00AD8F5F /* Utility(自定义) */,
				FA77184F1E24770A00AD8F5F /* Supporting File */,
			);
			path = ZYDoubs;
			sourceTree = "<group>";
		};
		FA134C341E2DBA37000320D2 /* PSTAlertController */ = {
			isa = PBXGroup;
			children = (
				FA134C351E2DBA37000320D2 /* PSTAlertController.h */,
				FA134C361E2DBA37000320D2 /* PSTAlertController.m */,
			);
			path = PSTAlertController;
			sourceTree = "<group>";
		};
		FA134C4F1E2DF462000320D2 /* 系统震动声音 */ = {
			isa = PBXGroup;
			children = (
				FA134C501E2DF462000320D2 /* SystemAudio.h */,
				FA134C511E2DF462000320D2 /* SystemAudio.m */,
			);
			path = "系统震动声音";
			sourceTree = "<group>";
		};
		FA2C16861E308F4400B15339 /* 勿扰模式 */ = {
			isa = PBXGroup;
			children = (
				FA2C16871E308F4400B15339 /* DontDisturbManager.h */,
				FA2C16881E308F4400B15339 /* DontDisturbManager.m */,
			);
			path = "勿扰模式";
			sourceTree = "<group>";
		};
		FA2C169B1E308FCA00B15339 /* 数据库管理 */ = {
			isa = PBXGroup;
			children = (
				FA2C169C1E308FDC00B15339 /* MyFMDataBase.h */,
				FA2C169D1E308FDC00B15339 /* MyFMDataBase.m */,
			);
			path = "数据库管理";
			sourceTree = "<group>";
		};
		FA77180C1E246EED00AD8F5F /* Products */ = {
			isa = PBXGroup;
			children = (
				FA7718201E246EEE00AD8F5F /* libios_ngn_stack.a */,
				FA7718221E246EEE00AD8F5F /* libtinyBFCP.a */,
				FA7718241E246EEE00AD8F5F /* libtinySAK.a */,
				FA7718261E246EEE00AD8F5F /* libtinyNET.a */,
				FA7718281E246EEE00AD8F5F /* libtinySDP.a */,
				FA77182A1E246EEE00AD8F5F /* libtinyRTP.a */,
				FA77182C1E246EEE00AD8F5F /* libtinyIPSec.a */,
				FA77182E1E246EEE00AD8F5F /* libtinyMSRP.a */,
				FA7718301E246EEE00AD8F5F /* libtinyHTTP.a */,
				FA7718321E246EEE00AD8F5F /* libtinyMEDIA.a */,
				FA7718341E246EEE00AD8F5F /* libtinySIGCOMP.a */,
				FA7718361E246EEE00AD8F5F /* libtinySMS.a */,
				FA7718381E246EEE00AD8F5F /* libtinyXCAP.a */,
				FA77183A1E246EEE00AD8F5F /* libtinySIP.a */,
				FA77183C1E246EEE00AD8F5F /* libtinyDAV.a */,
				FA77183E1E246EEE00AD8F5F /* libtinyWRAP.a */,
			);
			name = Products;
			sourceTree = "<group>";
		};
		FA77183F1E24770A00AD8F5F /* Application */ = {
			isa = PBXGroup;
			children = (
				FA7718DD1E24936E00AD8F5F /* ZYAppDelegate.h */,
				FA7718DE1E24936E00AD8F5F /* ZYAppDelegate.mm */,
				FA7718E01E24941700AD8F5F /* ZYAppDelegate+Private.h */,
				FA7718E11E24941700AD8F5F /* ZYAppDelegate+Private.m */,
				FA7718E41E24A99400AD8F5F /* ZYAppDelegate+SipCallback.h */,
				FA7718E51E24A99400AD8F5F /* ZYAppDelegate+SipCallback.mm */,
				FA7718F81E24A9BF00AD8F5F /* ZYAppDelegate+EnterBackground.h */,
				FA7718F91E24A9BF00AD8F5F /* ZYAppDelegate+EnterBackground.mm */,
				FA7718FB1E24A9D600AD8F5F /* ZYAppDelegate+Notification.h */,
				FA7718FC1E24A9D600AD8F5F /* ZYAppDelegate+Notification.m */,
				FA7718421E24770A00AD8F5F /* main.m */,
			);
			path = Application;
			sourceTree = "<group>";
		};
		FA7718431E24770A00AD8F5F /* Common */ = {
			isa = PBXGroup;
			children = (
				FAFD3D811E2624A5001992B9 /* ZYButton.h */,
				FAFD3D821E2624A5001992B9 /* ZYButton.m */,
				FADDD8DC1E27781700F0A226 /* ZYTextField.h */,
				FADDD8DD1E27781700F0A226 /* ZYTextField.m */,
				FA134C491E2DBC0C000320D2 /* ZYLabel.h */,
				FA134C4A1E2DBC0C000320D2 /* ZYLabel.m */,
			);
			path = Common;
			sourceTree = "<group>";
		};
		FA7718441E24770A00AD8F5F /* Feature */ = {
			isa = PBXGroup;
			children = (
				FA7718BA1E2482EB00AD8F5F /* Main(主要框架) */,
				FAEDBB871E2CBCC8003EEF8D /* Dail(拨号) */,
				FAFD3D7D1E2622AD001992B9 /* contact(联系人) */,
				FA7719031E24B25700AD8F5F /* NewFeature(新特性) */,
				FA7718461E24770A00AD8F5F /* Message(信息) */,
				FA7718471E24770A00AD8F5F /* Mine(我的) */,
			);
			path = Feature;
			sourceTree = "<group>";
		};
		FA7718461E24770A00AD8F5F /* Message(信息) */ = {
			isa = PBXGroup;
			children = (
				FA7718B41E24823D00AD8F5F /* ZYMessageViewController.h */,
				FA7718B51E24823D00AD8F5F /* ZYMessageViewController.m */,
				FAF3AAC31E34824C00C01FEB /* ZYChatViewController.h */,
				FAF3AAC41E34824C00C01FEB /* ZYChatViewController.m */,
				FAF3AABF1E34814800C01FEB /* View */,
				FAF3AABB1E347FC600C01FEB /* Model */,
			);
			name = "Message(信息)";
			path = Message;
			sourceTree = "<group>";
		};
		FA7718471E24770A00AD8F5F /* Mine(我的) */ = {
			isa = PBXGroup;
			children = (
				FA7718B71E24825700AD8F5F /* ZYMineViewController.h */,
				FA7718B81E24825700AD8F5F /* ZYMineViewController.m */,
				FADDD8C51E27770400F0A226 /* ZYSipSettingViewController.h */,
				FADDD8C61E27770400F0A226 /* ZYSipSettingViewController.m */,
			);
			name = "Mine(我的)";
			path = Mine;
			sourceTree = "<group>";
		};
		FA7718491E24770A00AD8F5F /* Resource(资源) */ = {
			isa = PBXGroup;
			children = (
				FA77184A1E24770A00AD8F5F /* Image */,
				FA77184B1E24770A00AD8F5F /* Pch */,
				FA77184C1E24770A00AD8F5F /* Plist */,
				FA77184E1E24770A00AD8F5F /* Sound */,
			);
			name = "Resource(资源)";
			path = Resource;
			sourceTree = "<group>";
		};
		FA77184A1E24770A00AD8F5F /* Image */ = {
			isa = PBXGroup;
			children = (
				FAF3AACC1E34929300C01FEB /* MyIcon.png */,
				FAF3AAB61E34618700C01FEB /* Setting */,
				FAF3AAB01E345D0B00C01FEB /* message */,
				FAF3AA931E34439100C01FEB /* dail */,
				FAF3AA5D1E343F9D00C01FEB /* tabbar */,
			);
			path = Image;
			sourceTree = "<group>";
		};
		FA77184B1E24770A00AD8F5F /* Pch */ = {
			isa = PBXGroup;
			children = (
				FA7718C71E24867300AD8F5F /* PrefixHeader.pch */,
				FA134C4D1E2DBE60000320D2 /* ZYRouteVCMacros.h */,
				FA134C4C1E2DBE07000320D2 /* ZYUtilsMacros.h */,
				FAFD3D601E25DC74001992B9 /* ZYDoubangoMacros.h */,
				FA134C531E2DF4C2000320D2 /* DefaultsMacros.h */,
				FA2C169F1E3090F200B15339 /* ZYDataBaseMacros.h */,
			);
			path = Pch;
			sourceTree = "<group>";
		};
		FA77184C1E24770A00AD8F5F /* Plist */ = {
			isa = PBXGroup;
			children = (
				FA77184D1E24770A00AD8F5F /* Info.plist */,
			);
			path = Plist;
			sourceTree = "<group>";
		};
		FA77184E1E24770A00AD8F5F /* Sound */ = {
			isa = PBXGroup;
			children = (
			);
			path = Sound;
			sourceTree = "<group>";
		};
		FA77184F1E24770A00AD8F5F /* Supporting File */ = {
			isa = PBXGroup;
			children = (
				FA7718621E247B0D00AD8F5F /* Images.xcassets */,
				FA7718511E24770A00AD8F5F /* LaunchScreen.storyboard */,
			);
			path = "Supporting File";
			sourceTree = "<group>";
		};
		FA7718551E24770A00AD8F5F /* Utility(自定义) */ = {
			isa = PBXGroup;
			children = (
				FA2C169B1E308FCA00B15339 /* 数据库管理 */,
				FA2C16861E308F4400B15339 /* 勿扰模式 */,
				FA134C4F1E2DF462000320D2 /* 系统震动声音 */,
				FA0EDF2C1E2B675700F9498D /* Reachability */,
				FAFD3D751E26048A001992B9 /* UserManage */,
				FA77191C1E24B94C00AD8F5F /* Const */,
				FA7718561E24770A00AD8F5F /* Category */,
				FA7718571E24770A00AD8F5F /* Tools */,
			);
			name = "Utility(自定义)";
			path = Utility;
			sourceTree = "<group>";
		};
		FA7718561E24770A00AD8F5F /* Category */ = {
			isa = PBXGroup;
			children = (
				FAEDBB971E2CC342003EEF8D /* UIViewController+ZYUtils.h */,
				FAEDBB981E2CC342003EEF8D /* UIViewController+ZYUtils.m */,
			);
			path = Category;
			sourceTree = "<group>";
		};
		FA7718571E24770A00AD8F5F /* Tools */ = {
			isa = PBXGroup;
			children = (
				FA7718DA1E2488BE00AD8F5F /* ZYTools.h */,
				FA7718DB1E2488BE00AD8F5F /* ZYTools.m */,
				FA7719081E24B6AC00AD8F5F /* ZYLog.h */,
				FA7719091E24B6AC00AD8F5F /* ZYLog.m */,
				FAFD3D721E25DDB1001992B9 /* ZYSipTools.h */,
				FAFD3D731E25DDB1001992B9 /* ZYSipTools.m */,
			);
			path = Tools;
			sourceTree = "<group>";
		};
		FA7718BA1E2482EB00AD8F5F /* Main(主要框架) */ = {
			isa = PBXGroup;
			children = (
				FA7718C81E2487B300AD8F5F /* Model */,
				FA7718C91E2487B300AD8F5F /* VC */,
				FA7718D21E2487B300AD8F5F /* View */,
			);
			name = "Main(主要框架)";
			path = Main;
			sourceTree = "<group>";
		};
		FA7718C81E2487B300AD8F5F /* Model */ = {
			isa = PBXGroup;
			children = (
			);
			path = Model;
			sourceTree = "<group>";
		};
		FA7718C91E2487B300AD8F5F /* VC */ = {
			isa = PBXGroup;
			children = (
				FA7718CA1E2487B300AD8F5F /* ZYBaseTableViewController.h */,
				FA7718CB1E2487B300AD8F5F /* ZYBaseTableViewController.m */,
				FA7718CC1E2487B300AD8F5F /* ZYBaseViewController.h */,
				FA7718CD1E2487B300AD8F5F /* ZYBaseViewController.m */,
				FA7718CE1E2487B300AD8F5F /* ZYMainNavViewController.h */,
				FA7718CF1E2487B300AD8F5F /* ZYMainNavViewController.m */,
				FA7718D01E2487B300AD8F5F /* ZYMainTabBarViewController.h */,
				FA7718D11E2487B300AD8F5F /* ZYMainTabBarViewController.m */,
			);
			path = VC;
			sourceTree = "<group>";
		};
		FA7718D21E2487B300AD8F5F /* View */ = {
			isa = PBXGroup;
			children = (
				FA7718D71E2487CE00AD8F5F /* ZYBarButton.h */,
				FA7718D81E2487CE00AD8F5F /* ZYBarButton.m */,
			);
			path = View;
			sourceTree = "<group>";
		};
		FA7718FE1E24B12900AD8F5F /* Vender(第三方框架) */ = {
			isa = PBXGroup;
			children = (
				FA134C341E2DBA37000320D2 /* PSTAlertController */,
				FA0EDF061E2B269900F9498D /* CNUIHelper */,
				FA7718FF1E24B12900AD8F5F /* Routable(路由跳转) */,
			);
			name = "Vender(第三方框架)";
			path = Vender;
			sourceTree = "<group>";
		};
		FA7718FF1E24B12900AD8F5F /* Routable(路由跳转) */ = {
			isa = PBXGroup;
			children = (
				FA7719001E24B12900AD8F5F /* Routable.h */,
				FA7719011E24B12900AD8F5F /* Routable.m */,
			);
			name = "Routable(路由跳转)";
			path = Routable;
			sourceTree = "<group>";
		};
		FA7719031E24B25700AD8F5F /* NewFeature(新特性) */ = {
			isa = PBXGroup;
			children = (
				FA7719041E24B27900AD8F5F /* ZYNewFeatureViewController.h */,
				FA7719051E24B27900AD8F5F /* ZYNewFeatureViewController.m */,
			);
			name = "NewFeature(新特性)";
			path = NewFeature;
			sourceTree = "<group>";
		};
		FA77191C1E24B94C00AD8F5F /* Const */ = {
			isa = PBXGroup;
			children = (
				FA77191D1E24B95900AD8F5F /* ZYConst.h */,
				FA77191E1E24B95900AD8F5F /* ZYConst.m */,
			);
			path = Const;
			sourceTree = "<group>";
		};
		FAD70C6B1E4718EB00345D4B /* Model */ = {
			isa = PBXGroup;
			children = (
			);
			path = Model;
			sourceTree = "<group>";
		};
		FAD70C6C1E4718EB00345D4B /* View */ = {
			isa = PBXGroup;
			children = (
				FAD70C6D1E4718FD00345D4B /* ContactViewCell.h */,
				FAD70C6E1E4718FD00345D4B /* ContactViewCell.mm */,
				FAD70C6F1E4718FD00345D4B /* ContactViewCell.xib */,
				FAF68C6D1E480E1100FFD574 /* ZYContactTableViewCell.h */,
				FAF68C6E1E480E1100FFD574 /* ZYContactTableViewCell.m */,
			);
			path = View;
			sourceTree = "<group>";
		};
		FAEDBB871E2CBCC8003EEF8D /* Dail(拨号) */ = {
			isa = PBXGroup;
			children = (
				FAEDBB911E2CBCC8003EEF8D /* ZYDailNumViewController.h */,
				FAEDBB921E2CBCC8003EEF8D /* ZYDailNumViewController.m */,
				FAEDBB881E2CBCC8003EEF8D /* VC */,
			);
			name = "Dail(拨号)";
			path = Dail;
			sourceTree = "<group>";
		};
		FAEDBB881E2CBCC8003EEF8D /* VC */ = {
			isa = PBXGroup;
			children = (
				FAEDBB8F1E2CBCC8003EEF8D /* ZYCallViewController.h */,
				FAEDBB901E2CBCC8003EEF8D /* ZYCallViewController.mm */,
				FAEDBB891E2CBCC8003EEF8D /* Audio */,
				FAEDBB8C1E2CBCC8003EEF8D /* Video */,
			);
			path = VC;
			sourceTree = "<group>";
		};
		FAEDBB891E2CBCC8003EEF8D /* Audio */ = {
			isa = PBXGroup;
			children = (
				FAEDBB8A1E2CBCC8003EEF8D /* ZYAudioViewController.h */,
				FAEDBB8B1E2CBCC8003EEF8D /* ZYAudioViewController.m */,
			);
			path = Audio;
			sourceTree = "<group>";
		};
		FAEDBB8C1E2CBCC8003EEF8D /* Video */ = {
			isa = PBXGroup;
			children = (
				FAEDBB8D1E2CBCC8003EEF8D /* ZYVideoViewController.h */,
				FAEDBB8E1E2CBCC8003EEF8D /* ZYVideoViewController.m */,
			);
			path = Video;
			sourceTree = "<group>";
		};
		FAF3AA5D1E343F9D00C01FEB /* tabbar */ = {
			isa = PBXGroup;
			children = (
				FAF3AA8F1E343FD000C01FEB /* Tab-bj@2x.png */,
				FAF3AA901E343FD000C01FEB /* Tab-bj@3x.png */,
				FAF3AA5E1E343F9D00C01FEB /* tab_call@2x.png */,
				FAF3AA5F1E343F9D00C01FEB /* tab_call@3x.png */,
				FAF3AA601E343F9D00C01FEB /* tab_call_s@2x.png */,
				FAF3AA611E343F9D00C01FEB /* tab_call_s@3x.png */,
				FAF3AA621E343F9D00C01FEB /* tab_contact@2x.png */,
				FAF3AA631E343F9D00C01FEB /* tab_contact@3x.png */,
				FAF3AA641E343F9D00C01FEB /* tab_contact_s@2x.png */,
				FAF3AA651E343F9D00C01FEB /* tab_contact_s@3x.png */,
				FAF3AA661E343F9D00C01FEB /* tab_message@2x.png */,
				FAF3AA671E343F9D00C01FEB /* tab_message@3x.png */,
				FAF3AA681E343F9D00C01FEB /* tab_message_s@2x.png */,
				FAF3AA691E343F9D00C01FEB /* tab_message_s@3x.png */,
				FAF3AA6A1E343F9D00C01FEB /* tab_Settings@2x.png */,
				FAF3AA6B1E343F9D00C01FEB /* tab_Settings@3x.png */,
				FAF3AA6C1E343F9D00C01FEB /* tab_Settings_s@2x.png */,
				FAF3AA6D1E343F9D00C01FEB /* tab_Settings_s@3x.png */,
			);
			path = tabbar;
			sourceTree = "<group>";
		};
		FAF3AA931E34439100C01FEB /* dail */ = {
			isa = PBXGroup;
			children = (
				FAF3AAAC1E345C6000C01FEB /* Menu@2x.png */,
				FAF3AAAD1E345C6000C01FEB /* Menu@3x.png */,
				FAF3AAA81E3443D800C01FEB /* Delete@2x.png */,
				FAF3AAA91E3443D800C01FEB /* Delete@3x.png */,
				FAF3AAA21E3443C500C01FEB /* Plus2@2x.png */,
				FAF3AAA31E3443C500C01FEB /* Plus2@3x.png */,
				FAF3AA941E34439100C01FEB /* btn_num@2x.png */,
				FAF3AA951E34439100C01FEB /* btn_num@3x.png */,
				FAF3AA961E34439100C01FEB /* phonecall@2x.png */,
				FAF3AA971E34439100C01FEB /* phonecall@3x.png */,
				FAF3AA981E34439100C01FEB /* vedio@2x.png */,
				FAF3AA991E34439100C01FEB /* vedio@3x.png */,
			);
			path = dail;
			sourceTree = "<group>";
		};
		FAF3AAB01E345D0B00C01FEB /* message */ = {
			isa = PBXGroup;
			children = (
				FAF3AAB11E345D0B00C01FEB /* Plus@2x.png */,
				FAF3AAB21E345D0B00C01FEB /* Plus@3x.png */,
			);
			path = message;
			sourceTree = "<group>";
		};
		FAF3AAB61E34618700C01FEB /* Setting */ = {
			isa = PBXGroup;
			children = (
				FAF3AAB71E34618700C01FEB /* setting-bj@2x.png */,
				FAF3AAB81E34618700C01FEB /* setting-bj@3x.png */,
			);
			path = Setting;
			sourceTree = "<group>";
		};
		FAF3AABB1E347FC600C01FEB /* Model */ = {
			isa = PBXGroup;
			children = (
				FAF3AABC1E347FD300C01FEB /* ZYMessageHistoryEntry.h */,
				FAF3AABD1E347FD300C01FEB /* ZYMessageHistoryEntry.m */,
			);
			path = Model;
			sourceTree = "<group>";
		};
		FAF3AABF1E34814800C01FEB /* View */ = {
			isa = PBXGroup;
			children = (
				FAF3AAC61E34870000C01FEB /* BaloonChatCell.h */,
				FAF3AAC71E34870000C01FEB /* BaloonChatCell.mm */,
				FAF3AAC01E34816F00C01FEB /* ZYMessageTableViewCell.h */,
				FAF3AAC11E34816F00C01FEB /* ZYMessageTableViewCell.m */,
			);
			path = View;
			sourceTree = "<group>";
		};
		FAFD3D751E26048A001992B9 /* UserManage */ = {
			isa = PBXGroup;
			children = (
				FAFD3D761E26049D001992B9 /* ZYUserManager.h */,
				FAFD3D771E26049D001992B9 /* ZYUserManager.m */,
			);
			path = UserManage;
			sourceTree = "<group>";
		};
		FAFD3D7D1E2622AD001992B9 /* contact(联系人) */ = {
			isa = PBXGroup;
			children = (
				FAFD3D7E1E2622D1001992B9 /* ZYContactViewController.h */,
				FAFD3D7F1E2622D1001992B9 /* ZYContactViewController.m */,
				FAD70C6B1E4718EB00345D4B /* Model */,
				FAD70C6C1E4718EB00345D4B /* View */,
			);
			name = "contact(联系人)";
			path = contact;
			sourceTree = "<group>";
		};
/* End PBXGroup section */

/* Begin PBXNativeTarget section */
		FA10F14D1E233CFD00BAFDA5 /* ZYDoubs */ = {
			isa = PBXNativeTarget;
			buildConfigurationList = FA10F1651E233CFD00BAFDA5 /* Build configuration list for PBXNativeTarget "ZYDoubs" */;
			buildPhases = (
				40F39FB5C5B962DD2C4DB930 /* [CP] Check Pods Manifest.lock */,
				FA10F14A1E233CFD00BAFDA5 /* Sources */,
				FA10F14B1E233CFD00BAFDA5 /* Frameworks */,
				FA10F14C1E233CFD00BAFDA5 /* Resources */,
				E7364A41ECAB0722CB00702C /* [CP] Embed Pods Frameworks */,
				8FEE3164CD221117D777B9BA /* [CP] Copy Pods Resources */,
			);
			buildRules = (
			);
			dependencies = (
			);
			name = ZYDoubs;
			productName = ZYDoubs;
			productReference = FA10F14E1E233CFD00BAFDA5 /* ZYDoubs.app */;
			productType = "com.apple.product-type.application";
		};
/* End PBXNativeTarget section */

/* Begin PBXProject section */
		FA10F1461E233CFD00BAFDA5 /* Project object */ = {
			isa = PBXProject;
			attributes = {
				CLASSPREFIX = ZY;
				LastUpgradeCheck = 0810;
				ORGANIZATIONNAME = Momo;
				TargetAttributes = {
					FA10F14D1E233CFD00BAFDA5 = {
						CreatedOnToolsVersion = 8.1;
						DevelopmentTeam = U7Y7PWHHS2;
						ProvisioningStyle = Automatic;
					};
				};
			};
			buildConfigurationList = FA10F1491E233CFD00BAFDA5 /* Build configuration list for PBXProject "ZYDoubs" */;
			compatibilityVersion = "Xcode 3.2";
			developmentRegion = English;
			hasScannedForEncodings = 0;
			knownRegions = (
				en,
				Base,
			);
			mainGroup = FA10F1451E233CFD00BAFDA5;
			productRefGroup = FA10F14F1E233CFD00BAFDA5 /* Products */;
			projectDirPath = "";
			projectReferences = (
				{
					ProductGroup = FA77180C1E246EED00AD8F5F /* Products */;
					ProjectRef = FA77180B1E246EED00AD8F5F /* ios-ngn-stack.xcodeproj */;
				},
			);
			projectRoot = "";
			targets = (
				FA10F14D1E233CFD00BAFDA5 /* ZYDoubs */,
			);
		};
/* End PBXProject section */

/* Begin PBXReferenceProxy section */
		FA7718201E246EEE00AD8F5F /* libios_ngn_stack.a */ = {
			isa = PBXReferenceProxy;
			fileType = archive.ar;
			path = libios_ngn_stack.a;
			remoteRef = FA77181F1E246EEE00AD8F5F /* PBXContainerItemProxy */;
			sourceTree = BUILT_PRODUCTS_DIR;
		};
		FA7718221E246EEE00AD8F5F /* libtinyBFCP.a */ = {
			isa = PBXReferenceProxy;
			fileType = archive.ar;
			path = libtinyBFCP.a;
			remoteRef = FA7718211E246EEE00AD8F5F /* PBXContainerItemProxy */;
			sourceTree = BUILT_PRODUCTS_DIR;
		};
		FA7718241E246EEE00AD8F5F /* libtinySAK.a */ = {
			isa = PBXReferenceProxy;
			fileType = archive.ar;
			path = libtinySAK.a;
			remoteRef = FA7718231E246EEE00AD8F5F /* PBXContainerItemProxy */;
			sourceTree = BUILT_PRODUCTS_DIR;
		};
		FA7718261E246EEE00AD8F5F /* libtinyNET.a */ = {
			isa = PBXReferenceProxy;
			fileType = archive.ar;
			path = libtinyNET.a;
			remoteRef = FA7718251E246EEE00AD8F5F /* PBXContainerItemProxy */;
			sourceTree = BUILT_PRODUCTS_DIR;
		};
		FA7718281E246EEE00AD8F5F /* libtinySDP.a */ = {
			isa = PBXReferenceProxy;
			fileType = archive.ar;
			path = libtinySDP.a;
			remoteRef = FA7718271E246EEE00AD8F5F /* PBXContainerItemProxy */;
			sourceTree = BUILT_PRODUCTS_DIR;
		};
		FA77182A1E246EEE00AD8F5F /* libtinyRTP.a */ = {
			isa = PBXReferenceProxy;
			fileType = archive.ar;
			path = libtinyRTP.a;
			remoteRef = FA7718291E246EEE00AD8F5F /* PBXContainerItemProxy */;
			sourceTree = BUILT_PRODUCTS_DIR;
		};
		FA77182C1E246EEE00AD8F5F /* libtinyIPSec.a */ = {
			isa = PBXReferenceProxy;
			fileType = archive.ar;
			path = libtinyIPSec.a;
			remoteRef = FA77182B1E246EEE00AD8F5F /* PBXContainerItemProxy */;
			sourceTree = BUILT_PRODUCTS_DIR;
		};
		FA77182E1E246EEE00AD8F5F /* libtinyMSRP.a */ = {
			isa = PBXReferenceProxy;
			fileType = archive.ar;
			path = libtinyMSRP.a;
			remoteRef = FA77182D1E246EEE00AD8F5F /* PBXContainerItemProxy */;
			sourceTree = BUILT_PRODUCTS_DIR;
		};
		FA7718301E246EEE00AD8F5F /* libtinyHTTP.a */ = {
			isa = PBXReferenceProxy;
			fileType = archive.ar;
			path = libtinyHTTP.a;
			remoteRef = FA77182F1E246EEE00AD8F5F /* PBXContainerItemProxy */;
			sourceTree = BUILT_PRODUCTS_DIR;
		};
		FA7718321E246EEE00AD8F5F /* libtinyMEDIA.a */ = {
			isa = PBXReferenceProxy;
			fileType = archive.ar;
			path = libtinyMEDIA.a;
			remoteRef = FA7718311E246EEE00AD8F5F /* PBXContainerItemProxy */;
			sourceTree = BUILT_PRODUCTS_DIR;
		};
		FA7718341E246EEE00AD8F5F /* libtinySIGCOMP.a */ = {
			isa = PBXReferenceProxy;
			fileType = archive.ar;
			path = libtinySIGCOMP.a;
			remoteRef = FA7718331E246EEE00AD8F5F /* PBXContainerItemProxy */;
			sourceTree = BUILT_PRODUCTS_DIR;
		};
		FA7718361E246EEE00AD8F5F /* libtinySMS.a */ = {
			isa = PBXReferenceProxy;
			fileType = archive.ar;
			path = libtinySMS.a;
			remoteRef = FA7718351E246EEE00AD8F5F /* PBXContainerItemProxy */;
			sourceTree = BUILT_PRODUCTS_DIR;
		};
		FA7718381E246EEE00AD8F5F /* libtinyXCAP.a */ = {
			isa = PBXReferenceProxy;
			fileType = archive.ar;
			path = libtinyXCAP.a;
			remoteRef = FA7718371E246EEE00AD8F5F /* PBXContainerItemProxy */;
			sourceTree = BUILT_PRODUCTS_DIR;
		};
		FA77183A1E246EEE00AD8F5F /* libtinySIP.a */ = {
			isa = PBXReferenceProxy;
			fileType = archive.ar;
			path = libtinySIP.a;
			remoteRef = FA7718391E246EEE00AD8F5F /* PBXContainerItemProxy */;
			sourceTree = BUILT_PRODUCTS_DIR;
		};
		FA77183C1E246EEE00AD8F5F /* libtinyDAV.a */ = {
			isa = PBXReferenceProxy;
			fileType = archive.ar;
			path = libtinyDAV.a;
			remoteRef = FA77183B1E246EEE00AD8F5F /* PBXContainerItemProxy */;
			sourceTree = BUILT_PRODUCTS_DIR;
		};
		FA77183E1E246EEE00AD8F5F /* libtinyWRAP.a */ = {
			isa = PBXReferenceProxy;
			fileType = archive.ar;
			path = libtinyWRAP.a;
			remoteRef = FA77183D1E246EEE00AD8F5F /* PBXContainerItemProxy */;
			sourceTree = BUILT_PRODUCTS_DIR;
		};
/* End PBXReferenceProxy section */

/* Begin PBXResourcesBuildPhase section */
		FA10F14C1E233CFD00BAFDA5 /* Resources */ = {
			isa = PBXResourcesBuildPhase;
			buildActionMask = 2147483647;
			files = (
				FAF3AAA71E3443C500C01FEB /* Plus2@3x.png in Resources */,
				FAF3AA781E343F9E00C01FEB /* tab_message_s@2x.png in Resources */,
				FAF3AA7C1E343F9E00C01FEB /* tab_Settings_s@2x.png in Resources */,
				FAF3AA6F1E343F9D00C01FEB /* tab_call@3x.png in Resources */,
				FAF3AA921E343FD000C01FEB /* Tab-bj@3x.png in Resources */,
				FAF3AAAF1E345C6000C01FEB /* Menu@3x.png in Resources */,
				FAF3AAB31E345D0B00C01FEB /* Plus@2x.png in Resources */,
				FAF3AA721E343F9E00C01FEB /* tab_contact@2x.png in Resources */,
				FAF3AA9B1E34439100C01FEB /* btn_num@3x.png in Resources */,
				FAF3AA9F1E34439100C01FEB /* vedio@3x.png in Resources */,
				FAF3AA761E343F9E00C01FEB /* tab_message@2x.png in Resources */,
				FAF3AAA61E3443C500C01FEB /* Plus2@2x.png in Resources */,
				FAF3AA9A1E34439100C01FEB /* btn_num@2x.png in Resources */,
				FA77185E1E24770A00AD8F5F /* LaunchScreen.storyboard in Resources */,
				FAF3AA741E343F9E00C01FEB /* tab_contact_s@2x.png in Resources */,
				FAF3AAB41E345D0B00C01FEB /* Plus@3x.png in Resources */,
				FAF3AACD1E34929300C01FEB /* MyIcon.png in Resources */,
				FAF3AA9D1E34439100C01FEB /* phonecall@3x.png in Resources */,
				FAF3AA711E343F9E00C01FEB /* tab_call_s@3x.png in Resources */,
				FAF3AA7A1E343F9E00C01FEB /* tab_Settings@2x.png in Resources */,
				FAF3AA791E343F9E00C01FEB /* tab_message_s@3x.png in Resources */,
				FAF3AA771E343F9E00C01FEB /* tab_message@3x.png in Resources */,
				FAF3AA701E343F9E00C01FEB /* tab_call_s@2x.png in Resources */,
				FAF3AAAB1E3443D800C01FEB /* Delete@3x.png in Resources */,
				FAF3AA7D1E343F9E00C01FEB /* tab_Settings_s@3x.png in Resources */,
				FAF3AA731E343F9E00C01FEB /* tab_contact@3x.png in Resources */,
				FAF3AA911E343FD000C01FEB /* Tab-bj@2x.png in Resources */,
				FAF3AABA1E34618700C01FEB /* setting-bj@3x.png in Resources */,
				FA7718631E247B0D00AD8F5F /* Images.xcassets in Resources */,
				FAF3AA9C1E34439100C01FEB /* phonecall@2x.png in Resources */,
				FAF3AA6E1E343F9D00C01FEB /* tab_call@2x.png in Resources */,
				FAF3AAB91E34618700C01FEB /* setting-bj@2x.png in Resources */,
				FAD70C711E4718FD00345D4B /* ContactViewCell.xib in Resources */,
				FAF3AA9E1E34439100C01FEB /* vedio@2x.png in Resources */,
				FAF3AA751E343F9E00C01FEB /* tab_contact_s@3x.png in Resources */,
				FAF3AAAE1E345C6000C01FEB /* Menu@2x.png in Resources */,
				FAF3AA7B1E343F9E00C01FEB /* tab_Settings@3x.png in Resources */,
				FAF3AAAA1E3443D800C01FEB /* Delete@2x.png in Resources */,
				FA77185C1E24770A00AD8F5F /* Info.plist in Resources */,
			);
			runOnlyForDeploymentPostprocessing = 0;
		};
/* End PBXResourcesBuildPhase section */

/* Begin PBXShellScriptBuildPhase section */
		40F39FB5C5B962DD2C4DB930 /* [CP] Check Pods Manifest.lock */ = {
			isa = PBXShellScriptBuildPhase;
			buildActionMask = 2147483647;
			files = (
			);
			inputPaths = (
			);
			name = "[CP] Check Pods Manifest.lock";
			outputPaths = (
			);
			runOnlyForDeploymentPostprocessing = 0;
			shellPath = /bin/sh;
			shellScript = "diff \"${PODS_ROOT}/../Podfile.lock\" \"${PODS_ROOT}/Manifest.lock\" > /dev/null\nif [ $? != 0 ] ; then\n    # print error to STDERR\n    echo \"error: The sandbox is not in sync with the Podfile.lock. Run 'pod install' or update your CocoaPods installation.\" >&2\n    exit 1\nfi\n";
			showEnvVarsInLog = 0;
		};
		8FEE3164CD221117D777B9BA /* [CP] Copy Pods Resources */ = {
			isa = PBXShellScriptBuildPhase;
			buildActionMask = 2147483647;
			files = (
			);
			inputPaths = (
			);
			name = "[CP] Copy Pods Resources";
			outputPaths = (
			);
			runOnlyForDeploymentPostprocessing = 0;
			shellPath = /bin/sh;
			shellScript = "\"${SRCROOT}/Pods/Target Support Files/Pods-ZYDoubs/Pods-ZYDoubs-resources.sh\"\n";
			showEnvVarsInLog = 0;
		};
		E7364A41ECAB0722CB00702C /* [CP] Embed Pods Frameworks */ = {
			isa = PBXShellScriptBuildPhase;
			buildActionMask = 2147483647;
			files = (
			);
			inputPaths = (
			);
			name = "[CP] Embed Pods Frameworks";
			outputPaths = (
			);
			runOnlyForDeploymentPostprocessing = 0;
			shellPath = /bin/sh;
			shellScript = "\"${SRCROOT}/Pods/Target Support Files/Pods-ZYDoubs/Pods-ZYDoubs-frameworks.sh\"\n";
			showEnvVarsInLog = 0;
		};
/* End PBXShellScriptBuildPhase section */

/* Begin PBXSourcesBuildPhase section */
		FA10F14A1E233CFD00BAFDA5 /* Sources */ = {
			isa = PBXSourcesBuildPhase;
			buildActionMask = 2147483647;
			files = (
				FA0EDF0C1E2B269900F9498D /* Toast+UIView.m in Sources */,
				FAEDBB991E2CC342003EEF8D /* UIViewController+ZYUtils.m in Sources */,
				FAF3AAC21E34816F00C01FEB /* ZYMessageTableViewCell.m in Sources */,
				FA7718D91E2487CE00AD8F5F /* ZYBarButton.m in Sources */,
				FAFD3D781E26049D001992B9 /* ZYUserManager.m in Sources */,
				FAFD3D741E25DDB1001992B9 /* ZYSipTools.m in Sources */,
				FA0EDF2F1E2B675700F9498D /* Reachability.m in Sources */,
				FA7718B61E24823D00AD8F5F /* ZYMessageViewController.m in Sources */,
				FAEDBB931E2CBCC8003EEF8D /* ZYAudioViewController.m in Sources */,
				FA7718FA1E24A9BF00AD8F5F /* ZYAppDelegate+EnterBackground.mm in Sources */,
				FA7719061E24B27900AD8F5F /* ZYNewFeatureViewController.m in Sources */,
				FAFD3D801E2622D1001992B9 /* ZYContactViewController.m in Sources */,
				FA7718E61E24A99400AD8F5F /* ZYAppDelegate+SipCallback.mm in Sources */,
				FA7718E21E24941700AD8F5F /* ZYAppDelegate+Private.m in Sources */,
				FA7718DF1E24936E00AD8F5F /* ZYAppDelegate.mm in Sources */,
				FA7718D31E2487B300AD8F5F /* ZYBaseTableViewController.m in Sources */,
				FA7718D51E2487B300AD8F5F /* ZYMainNavViewController.m in Sources */,
				FAFD3D831E2624A5001992B9 /* ZYButton.m in Sources */,
				FA77185B1E24770A00AD8F5F /* main.m in Sources */,
				FAF3AAC51E34824C00C01FEB /* ZYChatViewController.m in Sources */,
				FAEDBB951E2CBCC8003EEF8D /* ZYCallViewController.mm in Sources */,
				FA2C169E1E308FDC00B15339 /* MyFMDataBase.m in Sources */,
				FAEDBB941E2CBCC8003EEF8D /* ZYVideoViewController.m in Sources */,
				FA2C16891E308F4400B15339 /* DontDisturbManager.m in Sources */,
				FAF3AABE1E347FD300C01FEB /* ZYMessageHistoryEntry.m in Sources */,
				FA7718FD1E24A9D600AD8F5F /* ZYAppDelegate+Notification.m in Sources */,
				FA7718D41E2487B300AD8F5F /* ZYBaseViewController.m in Sources */,
				FA0EDF0B1E2B269900F9498D /* CNUIHelper.m in Sources */,
				FA77190A1E24B6AC00AD8F5F /* ZYLog.m in Sources */,
				FAF3AAC81E34870000C01FEB /* BaloonChatCell.mm in Sources */,
				FA134C521E2DF462000320D2 /* SystemAudio.m in Sources */,
				FA7718D61E2487B300AD8F5F /* ZYMainTabBarViewController.m in Sources */,
				FA7719021E24B12900AD8F5F /* Routable.m in Sources */,
				FA7718DC1E2488BE00AD8F5F /* ZYTools.m in Sources */,
				FA77191F1E24B95900AD8F5F /* ZYConst.m in Sources */,
				FADDD8DE1E27781700F0A226 /* ZYTextField.m in Sources */,
				FA134C4B1E2DBC0C000320D2 /* ZYLabel.m in Sources */,
				FA7718B91E24825700AD8F5F /* ZYMineViewController.m in Sources */,
				FAF68C6F1E480E1100FFD574 /* ZYContactTableViewCell.m in Sources */,
				FADDD8C71E27770400F0A226 /* ZYSipSettingViewController.m in Sources */,
				FA134C371E2DBA37000320D2 /* PSTAlertController.m in Sources */,
				FAEDBB961E2CBCC8003EEF8D /* ZYDailNumViewController.m in Sources */,
				FAD70C701E4718FD00345D4B /* ContactViewCell.mm in Sources */,
			);
			runOnlyForDeploymentPostprocessing = 0;
		};
/* End PBXSourcesBuildPhase section */

/* Begin PBXVariantGroup section */
		FA7718511E24770A00AD8F5F /* LaunchScreen.storyboard */ = {
			isa = PBXVariantGroup;
			children = (
				FA7718521E24770A00AD8F5F /* Base */,
			);
			name = LaunchScreen.storyboard;
			sourceTree = "<group>";
		};
/* End PBXVariantGroup section */

/* Begin XCBuildConfiguration section */
		FA10F1631E233CFD00BAFDA5 /* Debug */ = {
			isa = XCBuildConfiguration;
			buildSettings = {
				ALWAYS_SEARCH_USER_PATHS = NO;
				CLANG_ANALYZER_NONNULL = YES;
				CLANG_CXX_LANGUAGE_STANDARD = "gnu++0x";
				CLANG_CXX_LIBRARY = "libc++";
				CLANG_ENABLE_MODULES = YES;
				CLANG_ENABLE_OBJC_ARC = YES;
				CLANG_ENABLE_OBJC_WEAK = YES;
				CLANG_WARN_BOOL_CONVERSION = YES;
				CLANG_WARN_CONSTANT_CONVERSION = YES;
				CLANG_WARN_DIRECT_OBJC_ISA_USAGE = YES_ERROR;
				CLANG_WARN_DOCUMENTATION_COMMENTS = YES;
				CLANG_WARN_EMPTY_BODY = YES;
				CLANG_WARN_ENUM_CONVERSION = YES;
				CLANG_WARN_INFINITE_RECURSION = YES;
				CLANG_WARN_INT_CONVERSION = YES;
				CLANG_WARN_OBJC_ROOT_CLASS = YES_ERROR;
				CLANG_WARN_SUSPICIOUS_MOVES = YES;
				CLANG_WARN_UNREACHABLE_CODE = YES;
				CLANG_WARN__DUPLICATE_METHOD_MATCH = YES;
				"CODE_SIGN_IDENTITY[sdk=iphoneos*]" = "iPhone Developer";
				COPY_PHASE_STRIP = NO;
				DEBUG_INFORMATION_FORMAT = dwarf;
				ENABLE_STRICT_OBJC_MSGSEND = YES;
				ENABLE_TESTABILITY = YES;
				GCC_C_LANGUAGE_STANDARD = gnu99;
				GCC_DYNAMIC_NO_PIC = NO;
				GCC_NO_COMMON_BLOCKS = YES;
				GCC_OPTIMIZATION_LEVEL = 0;
				GCC_PREPROCESSOR_DEFINITIONS = (
					"DEBUG=1",
					"$(inherited)",
				);
				GCC_WARN_64_TO_32_BIT_CONVERSION = YES;
				GCC_WARN_ABOUT_RETURN_TYPE = YES_ERROR;
				GCC_WARN_UNDECLARED_SELECTOR = YES;
				GCC_WARN_UNINITIALIZED_AUTOS = YES_AGGRESSIVE;
				GCC_WARN_UNUSED_FUNCTION = YES;
				GCC_WARN_UNUSED_VARIABLE = YES;
				IPHONEOS_DEPLOYMENT_TARGET = 10.1;
				MTL_ENABLE_DEBUG_INFO = YES;
				ONLY_ACTIVE_ARCH = YES;
				SDKROOT = iphoneos;
			};
			name = Debug;
		};
		FA10F1641E233CFD00BAFDA5 /* Release */ = {
			isa = XCBuildConfiguration;
			buildSettings = {
				ALWAYS_SEARCH_USER_PATHS = NO;
				CLANG_ANALYZER_NONNULL = YES;
				CLANG_CXX_LANGUAGE_STANDARD = "gnu++0x";
				CLANG_CXX_LIBRARY = "libc++";
				CLANG_ENABLE_MODULES = YES;
				CLANG_ENABLE_OBJC_ARC = YES;
				CLANG_ENABLE_OBJC_WEAK = YES;
				CLANG_WARN_BOOL_CONVERSION = YES;
				CLANG_WARN_CONSTANT_CONVERSION = YES;
				CLANG_WARN_DIRECT_OBJC_ISA_USAGE = YES_ERROR;
				CLANG_WARN_DOCUMENTATION_COMMENTS = YES;
				CLANG_WARN_EMPTY_BODY = YES;
				CLANG_WARN_ENUM_CONVERSION = YES;
				CLANG_WARN_INFINITE_RECURSION = YES;
				CLANG_WARN_INT_CONVERSION = YES;
				CLANG_WARN_OBJC_ROOT_CLASS = YES_ERROR;
				CLANG_WARN_SUSPICIOUS_MOVES = YES;
				CLANG_WARN_UNREACHABLE_CODE = YES;
				CLANG_WARN__DUPLICATE_METHOD_MATCH = YES;
				"CODE_SIGN_IDENTITY[sdk=iphoneos*]" = "iPhone Developer";
				COPY_PHASE_STRIP = NO;
				DEBUG_INFORMATION_FORMAT = "dwarf-with-dsym";
				ENABLE_NS_ASSERTIONS = NO;
				ENABLE_STRICT_OBJC_MSGSEND = YES;
				GCC_C_LANGUAGE_STANDARD = gnu99;
				GCC_NO_COMMON_BLOCKS = YES;
				GCC_WARN_64_TO_32_BIT_CONVERSION = YES;
				GCC_WARN_ABOUT_RETURN_TYPE = YES_ERROR;
				GCC_WARN_UNDECLARED_SELECTOR = YES;
				GCC_WARN_UNINITIALIZED_AUTOS = YES_AGGRESSIVE;
				GCC_WARN_UNUSED_FUNCTION = YES;
				GCC_WARN_UNUSED_VARIABLE = YES;
				IPHONEOS_DEPLOYMENT_TARGET = 10.1;
				MTL_ENABLE_DEBUG_INFO = NO;
				SDKROOT = iphoneos;
				VALIDATE_PRODUCT = YES;
			};
			name = Release;
		};
		FA10F1661E233CFD00BAFDA5 /* Debug */ = {
			isa = XCBuildConfiguration;
			baseConfigurationReference = 1F83DB3C08E8FF214A1929A7 /* Pods-ZYDoubs.debug.xcconfig */;
			buildSettings = {
				ASSETCATALOG_COMPILER_APPICON_NAME = AppIcon;
				CLANG_ENABLE_OBJC_WEAK = YES;
				DEVELOPMENT_TEAM = U7Y7PWHHS2;
				DOUBANGO_HOME = ../../doubango;
				DOUBANGO_LIBS = $DOUBANGO_HOME/thirdparties/iphone/lib/universal;
				ENABLE_BITCODE = NO;
				GCC_INPUT_FILETYPE = sourcecode.cpp.objcpp;
				GCC_PREFIX_HEADER = ZYDoubs/Resource/Pch/PrefixHeader.pch;
				HEADER_SEARCH_PATHS = (
					"$(inherited)",
					"\"${PODS_ROOT}/Headers/Public\"",
					"\"${PODS_ROOT}/Headers/Public/FMDB\"",
					"\"${PODS_ROOT}/Headers/Public/IQKeyboardManager\"",
					"\"${PODS_ROOT}/Headers/Public/MJRefresh\"",
					"\"${PODS_ROOT}/Headers/Public/Masonry\"",
					"\"${PODS_ROOT}/Headers/Public/SDAutoLayout\"",
					"\"${PODS_ROOT}/Headers/Public/SVProgressHUD\"",
					"$NGN_STACK_HOME/ios-ngn-stack",
					"$NGN_STACK_HOME/common-ngn-stack",
					$DOUBANGO_HOME/tinyHTTP/include,
					$DOUBANGO_HOME/tinySMS/include,
					$DOUBANGO_HOME/bindings/_common,
					"../ios-ngn-stack",
					"../common-ngn-stack",
					$DOUBANGO_HOME/tinySDP/include,
					$DOUBANGO_HOME/tinyDAV/include,
					$DOUBANGO_HOME/thirdparties/common/include,
					$DOUBANGO_HOME/tinySAK/src,
					$DOUBANGO_HOME/tinyNET/src,
					$DOUBANGO_HOME/tinyMEDIA/include,
					$DOUBANGO/HOME/tinyMSRP/include,
					$DOUBANGO_HOME/tinySIP/include,
				);
				INFOPLIST_FILE = "$(SRCROOT)/ZYDoubs/Resource/Plist/Info.plist";
				IPHONEOS_DEPLOYMENT_TARGET = 8.0;
				LD_RUNPATH_SEARCH_PATHS = "$(inherited) @executable_path/Frameworks";
				LIBRARY_SEARCH_PATHS = (
					"$(inherited)",
					"\"$PODS_CONFIGURATION_BUILD_DIR/FMDB\"",
					"\"$PODS_CONFIGURATION_BUILD_DIR/IQKeyboardManager\"",
					"\"$PODS_CONFIGURATION_BUILD_DIR/MJRefresh\"",
					"\"$PODS_CONFIGURATION_BUILD_DIR/Masonry\"",
					"\"$PODS_CONFIGURATION_BUILD_DIR/SDAutoLayout\"",
					"\"$PODS_CONFIGURATION_BUILD_DIR/SVProgressHUD\"",
					$DOUBANGO_LIBS,
				);
				NGN_STACK_HOME = $DOUBANGO_HOME/thirdparties/iphone/lib/universal;
				OTHER_CFLAGS = (
					"$(inherited)",
					"-isystem",
					"\"${PODS_ROOT}/Headers/Public\"",
					"-isystem",
					"\"${PODS_ROOT}/Headers/Public/FMDB\"",
					"-isystem",
					"\"${PODS_ROOT}/Headers/Public/IQKeyboardManager\"",
					"-isystem",
					"\"${PODS_ROOT}/Headers/Public/MJRefresh\"",
					"-isystem",
					"\"${PODS_ROOT}/Headers/Public/Masonry\"",
					"-isystem",
					"\"${PODS_ROOT}/Headers/Public/SDAutoLayout\"",
					"-isystem",
					"\"${PODS_ROOT}/Headers/Public/SVProgressHUD\"",
					"-DNS_BLOCK_ASSERTIONS=1",
				);
				OTHER_LDFLAGS = (
					"$(inherited)",
					"-ObjC",
					"-l\"FMDB\"",
					"-l\"IQKeyboardManager\"",
					"-l\"MJRefresh\"",
					"-l\"Masonry\"",
					"-l\"SDAutoLayout\"",
					"-l\"SVProgressHUD\"",
					"-l\"sqlite3\"",
					"-framework",
					"\"Foundation\"",
					"-framework",
					"\"QuartzCore\"",
					"-framework",
					"\"UIKit\"",
					"-lssl",
					"-lsrtp",
					"-lyuv",
					"-lcrypto",
					"-lvpx",
					"-lx264",
					"-lopenh264",
					"-lswscale",
					"-lavutil",
					"-lavcodec",
					"-lopus",
					"-lgsm",
					"-lg729b",
					"-lspeex",
					"-lspeexdsp",
					"-framework",
					UIKit,
				);
				PREBINDING = NO;
				PRODUCT_BUNDLE_IDENTIFIER = com.ZYDoubs.ZYDoubs;
				PRODUCT_NAME = "$(TARGET_NAME)";
				TARGETED_DEVICE_FAMILY = 1;
			};
			name = Debug;
		};
		FA10F1671E233CFD00BAFDA5 /* Release */ = {
			isa = XCBuildConfiguration;
			baseConfigurationReference = CC9E7FECFABA1CFBAA6F5C63 /* Pods-ZYDoubs.release.xcconfig */;
			buildSettings = {
				ASSETCATALOG_COMPILER_APPICON_NAME = AppIcon;
				CLANG_ENABLE_OBJC_WEAK = YES;
				DEVELOPMENT_TEAM = U7Y7PWHHS2;
				DOUBANGO_HOME = ../../doubango;
				DOUBANGO_LIBS = $DOUBANGO_HOME/thirdparties/iphone/lib/universal;
				ENABLE_BITCODE = NO;
				GCC_INPUT_FILETYPE = sourcecode.cpp.objcpp;
				GCC_PREFIX_HEADER = ZYDoubs/Resource/Pch/PrefixHeader.pch;
				HEADER_SEARCH_PATHS = (
					"$(inherited)",
					"\"${PODS_ROOT}/Headers/Public\"",
					"\"${PODS_ROOT}/Headers/Public/FMDB\"",
					"\"${PODS_ROOT}/Headers/Public/IQKeyboardManager\"",
					"\"${PODS_ROOT}/Headers/Public/MJRefresh\"",
					"\"${PODS_ROOT}/Headers/Public/Masonry\"",
					"\"${PODS_ROOT}/Headers/Public/SDAutoLayout\"",
					"\"${PODS_ROOT}/Headers/Public/SVProgressHUD\"",
					"$NGN_STACK_HOME/ios-ngn-stack",
					"$NGN_STACK_HOME/common-ngn-stack",
					$DOUBANGO_HOME/tinyHTTP/include,
					$DOUBANGO_HOME/tinySMS/include,
					$DOUBANGO_HOME/bindings/_common,
					"../ios-ngn-stack",
					"../common-ngn-stack",
					$DOUBANGO_HOME/tinySDP/include,
					$DOUBANGO_HOME/tinyDAV/include,
					$DOUBANGO_HOME/thirdparties/common/include,
					$DOUBANGO_HOME/tinySAK/src,
					$DOUBANGO_HOME/tinyNET/src,
					$DOUBANGO_HOME/tinyMEDIA/include,
					$DOUBANGO/HOME/tinyMSRP/include,
					$DOUBANGO_HOME/tinySIP/include,
				);
				INFOPLIST_FILE = "$(SRCROOT)/ZYDoubs/Resource/Plist/Info.plist";
				IPHONEOS_DEPLOYMENT_TARGET = 8.0;
				LD_RUNPATH_SEARCH_PATHS = "$(inherited) @executable_path/Frameworks";
				LIBRARY_SEARCH_PATHS = (
					"$(inherited)",
					"\"$PODS_CONFIGURATION_BUILD_DIR/FMDB\"",
					"\"$PODS_CONFIGURATION_BUILD_DIR/IQKeyboardManager\"",
					"\"$PODS_CONFIGURATION_BUILD_DIR/MJRefresh\"",
					"\"$PODS_CONFIGURATION_BUILD_DIR/Masonry\"",
					"\"$PODS_CONFIGURATION_BUILD_DIR/SDAutoLayout\"",
					"\"$PODS_CONFIGURATION_BUILD_DIR/SVProgressHUD\"",
					$DOUBANGO_LIBS,
				);
				NGN_STACK_HOME = $DOUBANGO_HOME/thirdparties/iphone/lib/universal;
				OTHER_CFLAGS = (
					"$(inherited)",
					"-isystem",
					"\"${PODS_ROOT}/Headers/Public\"",
					"-isystem",
					"\"${PODS_ROOT}/Headers/Public/FMDB\"",
					"-isystem",
					"\"${PODS_ROOT}/Headers/Public/IQKeyboardManager\"",
					"-isystem",
					"\"${PODS_ROOT}/Headers/Public/MJRefresh\"",
					"-isystem",
					"\"${PODS_ROOT}/Headers/Public/Masonry\"",
					"-isystem",
					"\"${PODS_ROOT}/Headers/Public/SDAutoLayout\"",
					"-isystem",
					"\"${PODS_ROOT}/Headers/Public/SVProgressHUD\"",
					"-DNS_BLOCK_ASSERTIONS=1",
				);
				OTHER_LDFLAGS = (
					"$(inherited)",
					"-ObjC",
					"-l\"FMDB\"",
					"-l\"IQKeyboardManager\"",
					"-l\"MJRefresh\"",
					"-l\"Masonry\"",
					"-l\"SDAutoLayout\"",
					"-l\"SVProgressHUD\"",
					"-l\"sqlite3\"",
					"-framework",
					"\"Foundation\"",
					"-framework",
					"\"QuartzCore\"",
					"-framework",
					"\"UIKit\"",
					"-lssl",
					"-lsrtp",
					"-lyuv",
					"-lcrypto",
					"-lvpx",
					"-lx264",
					"-lopenh264",
					"-lswscale",
					"-lavutil",
					"-lavcodec",
					"-lopus",
					"-lgsm",
					"-lg729b",
					"-lspeex",
					"-lspeexdsp",
					"-framework",
					UIKit,
				);
				PREBINDING = NO;
				PRODUCT_BUNDLE_IDENTIFIER = com.ZYDoubs.ZYDoubs;
				PRODUCT_NAME = "$(TARGET_NAME)";
				TARGETED_DEVICE_FAMILY = 1;
			};
			name = Release;
		};
/* End XCBuildConfiguration section */

/* Begin XCConfigurationList section */
		FA10F1491E233CFD00BAFDA5 /* Build configuration list for PBXProject "ZYDoubs" */ = {
			isa = XCConfigurationList;
			buildConfigurations = (
				FA10F1631E233CFD00BAFDA5 /* Debug */,
				FA10F1641E233CFD00BAFDA5 /* Release */,
			);
			defaultConfigurationIsVisible = 0;
			defaultConfigurationName = Release;
		};
		FA10F1651E233CFD00BAFDA5 /* Build configuration list for PBXNativeTarget "ZYDoubs" */ = {
			isa = XCConfigurationList;
			buildConfigurations = (
				FA10F1661E233CFD00BAFDA5 /* Debug */,
				FA10F1671E233CFD00BAFDA5 /* Release */,
			);
			defaultConfigurationIsVisible = 0;
			defaultConfigurationName = Release;
		};
/* End XCConfigurationList section */
	};
	rootObject = FA10F1461E233CFD00BAFDA5 /* Project object */;
}
